// !$*UTF8*$!
{
	archiveVersion = 1;
	classes = {
	};
	objectVersion = 46;
	objects = {

/* Begin PBXBuildFile section */
		1155BF5B1EEE7F2A007B09BF /* YYCategoriesMacro.h in Headers */ = {isa = PBXBuildFile; fileRef = 1155BF5A1EEE7F2A007B09BF /* YYCategoriesMacro.h */; };
		1155BF5F1EEE8940007B09BF /* YYCGUtilities.h in Headers */ = {isa = PBXBuildFile; fileRef = 1155BF5D1EEE8940007B09BF /* YYCGUtilities.h */; };
		1155BF601EEE8940007B09BF /* YYCGUtilities.m in Sources */ = {isa = PBXBuildFile; fileRef = 1155BF5E1EEE8940007B09BF /* YYCGUtilities.m */; };
		115626D71F21E9B000D5A8E0 /* UIViewController+TTExt2Back.h in Headers */ = {isa = PBXBuildFile; fileRef = 115626D51F21E9B000D5A8E0 /* UIViewController+TTExt2Back.h */; };
		115626D81F21E9B000D5A8E0 /* UIViewController+TTExt2Back.m in Sources */ = {isa = PBXBuildFile; fileRef = 115626D61F21E9B000D5A8E0 /* UIViewController+TTExt2Back.m */; };
		117335AB1F0118FD003919D3 /* TTConstants.h in Headers */ = {isa = PBXBuildFile; fileRef = 117335A91F0118FD003919D3 /* TTConstants.h */; };
		117335AC1F0118FD003919D3 /* TTConstants.m in Sources */ = {isa = PBXBuildFile; fileRef = 117335AA1F0118FD003919D3 /* TTConstants.m */; };
		117335C21F01F574003919D3 /* AFURLSessionManager+TTDownload.h in Headers */ = {isa = PBXBuildFile; fileRef = 117335BA1F01F574003919D3 /* AFURLSessionManager+TTDownload.h */; };
		117335C31F01F574003919D3 /* AFURLSessionManager+TTDownload.m in Sources */ = {isa = PBXBuildFile; fileRef = 117335BB1F01F574003919D3 /* AFURLSessionManager+TTDownload.m */; };
		117335C41F01F574003919D3 /* TTAPIClient.h in Headers */ = {isa = PBXBuildFile; fileRef = 117335BC1F01F574003919D3 /* TTAPIClient.h */; };
		117335C51F01F574003919D3 /* TTAPIClient.m in Sources */ = {isa = PBXBuildFile; fileRef = 117335BD1F01F574003919D3 /* TTAPIClient.m */; };
		117335C61F01F574003919D3 /* TTFileAction.h in Headers */ = {isa = PBXBuildFile; fileRef = 117335BE1F01F574003919D3 /* TTFileAction.h */; };
		117335C71F01F574003919D3 /* TTFileAction.m in Sources */ = {isa = PBXBuildFile; fileRef = 117335BF1F01F574003919D3 /* TTFileAction.m */; };
		117335C81F01F574003919D3 /* TTHttpAction.h in Headers */ = {isa = PBXBuildFile; fileRef = 117335C01F01F574003919D3 /* TTHttpAction.h */; };
		117335C91F01F574003919D3 /* TTHttpAction.m in Sources */ = {isa = PBXBuildFile; fileRef = 117335C11F01F574003919D3 /* TTHttpAction.m */; };
		117D11191EF8B83100303F8D /* NSString+TTExt2Vertify.h in Headers */ = {isa = PBXBuildFile; fileRef = 117D11171EF8B83100303F8D /* NSString+TTExt2Vertify.h */; };
		117D111A1EF8B83100303F8D /* NSString+TTExt2Vertify.m in Sources */ = {isa = PBXBuildFile; fileRef = 117D11181EF8B83100303F8D /* NSString+TTExt2Vertify.m */; };
		11818BE61F2ED9DD0067A062 /* UIButton+TTExt2Layer.h in Headers */ = {isa = PBXBuildFile; fileRef = 11818BE41F2ED9DD0067A062 /* UIButton+TTExt2Layer.h */; };
		11818BE71F2ED9DD0067A062 /* UIButton+TTExt2Layer.m in Sources */ = {isa = PBXBuildFile; fileRef = 11818BE51F2ED9DD0067A062 /* UIButton+TTExt2Layer.m */; };
		11829F771F024F2C002F4F7E /* Doc in Resources */ = {isa = PBXBuildFile; fileRef = 11829F6F1F024F2C002F4F7E /* Doc */; };
		11829F781F024F2C002F4F7E /* TTBanner_arrow@2x.png in Resources */ = {isa = PBXBuildFile; fileRef = 11829F701F024F2C002F4F7E /* TTBanner_arrow@2x.png */; };
		11829F791F024F2C002F4F7E /* TTBannerCell.h in Headers */ = {isa = PBXBuildFile; fileRef = 11829F711F024F2C002F4F7E /* TTBannerCell.h */; };
		11829F7A1F024F2C002F4F7E /* TTBannerCell.m in Sources */ = {isa = PBXBuildFile; fileRef = 11829F721F024F2C002F4F7E /* TTBannerCell.m */; };
		11829F7B1F024F2C002F4F7E /* TTBannerFooter.h in Headers */ = {isa = PBXBuildFile; fileRef = 11829F731F024F2C002F4F7E /* TTBannerFooter.h */; };
		11829F7C1F024F2C002F4F7E /* TTBannerFooter.m in Sources */ = {isa = PBXBuildFile; fileRef = 11829F741F024F2C002F4F7E /* TTBannerFooter.m */; };
		11829F7D1F024F2C002F4F7E /* TTBannerView.h in Headers */ = {isa = PBXBuildFile; fileRef = 11829F751F024F2C002F4F7E /* TTBannerView.h */; };
		11829F7E1F024F2C002F4F7E /* TTBannerView.m in Sources */ = {isa = PBXBuildFile; fileRef = 11829F761F024F2C002F4F7E /* TTBannerView.m */; };
		11829F801F025B07002F4F7E /* TT_ComponetHeader.h in Headers */ = {isa = PBXBuildFile; fileRef = 11829F7F1F025B07002F4F7E /* TT_ComponetHeader.h */; };
		1187DA701F372A7C00FFD506 /* UIView+TTExt2TouchArea.h in Headers */ = {isa = PBXBuildFile; fileRef = 1187DA6E1F372A7C00FFD506 /* UIView+TTExt2TouchArea.h */; };
		1187DA711F372A7C00FFD506 /* UIView+TTExt2TouchArea.m in Sources */ = {isa = PBXBuildFile; fileRef = 1187DA6F1F372A7C00FFD506 /* UIView+TTExt2TouchArea.m */; };
		118A68261EE7838300DFCC13 /* NSData+TTExt.h in Headers */ = {isa = PBXBuildFile; fileRef = 118A68241EE7838300DFCC13 /* NSData+TTExt.h */; };
		118A68271EE7838300DFCC13 /* NSData+TTExt.m in Sources */ = {isa = PBXBuildFile; fileRef = 118A68251EE7838300DFCC13 /* NSData+TTExt.m */; };
		118A68291EE7861A00DFCC13 /* libz.tbd in Frameworks */ = {isa = PBXBuildFile; fileRef = 118A68281EE7861A00DFCC13 /* libz.tbd */; };
		118A682C1EE7868600DFCC13 /* NSString+TTExt2Hash.h in Headers */ = {isa = PBXBuildFile; fileRef = 118A682A1EE7868600DFCC13 /* NSString+TTExt2Hash.h */; };
		118A682D1EE7868600DFCC13 /* NSString+TTExt2Hash.m in Sources */ = {isa = PBXBuildFile; fileRef = 118A682B1EE7868600DFCC13 /* NSString+TTExt2Hash.m */; };
		119369571F09E449003285E2 /* NSDate+TTExt2InternetDate.h in Headers */ = {isa = PBXBuildFile; fileRef = 119369551F09E449003285E2 /* NSDate+TTExt2InternetDate.h */; };
		119369581F09E449003285E2 /* NSDate+TTExt2InternetDate.m in Sources */ = {isa = PBXBuildFile; fileRef = 119369561F09E449003285E2 /* NSDate+TTExt2InternetDate.m */; };
		11B3DF731ED41827007050B3 /* TQKit.h in Headers */ = {isa = PBXBuildFile; fileRef = 11B3DF711ED41827007050B3 /* TQKit.h */; settings = {ATTRIBUTES = (Public, ); }; };
		11B3E0471ED41875007050B3 /* NSDate+TTExt.h in Headers */ = {isa = PBXBuildFile; fileRef = 11B3DF991ED41875007050B3 /* NSDate+TTExt.h */; };
		11B3E0481ED41875007050B3 /* NSDate+TTExt.m in Sources */ = {isa = PBXBuildFile; fileRef = 11B3DF9A1ED41875007050B3 /* NSDate+TTExt.m */; };
		11B3E0491ED41875007050B3 /* NSDate+TTExt2Format.h in Headers */ = {isa = PBXBuildFile; fileRef = 11B3DF9B1ED41875007050B3 /* NSDate+TTExt2Format.h */; };
		11B3E04A1ED41875007050B3 /* NSDate+TTExt2Format.m in Sources */ = {isa = PBXBuildFile; fileRef = 11B3DF9C1ED41875007050B3 /* NSDate+TTExt2Format.m */; };
		11B3E04B1ED41875007050B3 /* NSDictionary+TTExt.h in Headers */ = {isa = PBXBuildFile; fileRef = 11B3DF9E1ED41875007050B3 /* NSDictionary+TTExt.h */; };
		11B3E04C1ED41875007050B3 /* NSDictionary+TTExt.m in Sources */ = {isa = PBXBuildFile; fileRef = 11B3DF9F1ED41875007050B3 /* NSDictionary+TTExt.m */; };
		11B3E04D1ED41875007050B3 /* NSDictionary+TTExt2UrlParam.h in Headers */ = {isa = PBXBuildFile; fileRef = 11B3DFA01ED41875007050B3 /* NSDictionary+TTExt2UrlParam.h */; };
		11B3E04E1ED41875007050B3 /* NSDictionary+TTExt2UrlParam.m in Sources */ = {isa = PBXBuildFile; fileRef = 11B3DFA11ED41875007050B3 /* NSDictionary+TTExt2UrlParam.m */; };
		11B3E04F1ED41875007050B3 /* NSNumber+TTExt.h in Headers */ = {isa = PBXBuildFile; fileRef = 11B3DFA31ED41875007050B3 /* NSNumber+TTExt.h */; };
		11B3E0501ED41875007050B3 /* NSNumber+TTExt.m in Sources */ = {isa = PBXBuildFile; fileRef = 11B3DFA41ED41875007050B3 /* NSNumber+TTExt.m */; };
		11B3E0511ED41875007050B3 /* NSObject+TTExt.h in Headers */ = {isa = PBXBuildFile; fileRef = 11B3DFA61ED41875007050B3 /* NSObject+TTExt.h */; };
		11B3E0521ED41875007050B3 /* NSObject+TTExt.m in Sources */ = {isa = PBXBuildFile; fileRef = 11B3DFA71ED41875007050B3 /* NSObject+TTExt.m */; };
		11B3E0531ED41875007050B3 /* NSString+TTExt.h in Headers */ = {isa = PBXBuildFile; fileRef = 11B3DFA91ED41875007050B3 /* NSString+TTExt.h */; };
		11B3E0541ED41875007050B3 /* NSString+TTExt.m in Sources */ = {isa = PBXBuildFile; fileRef = 11B3DFAA1ED41875007050B3 /* NSString+TTExt.m */; };
		11B3E0551ED41875007050B3 /* NSString+TTExt2Frame.h in Headers */ = {isa = PBXBuildFile; fileRef = 11B3DFAB1ED41875007050B3 /* NSString+TTExt2Frame.h */; };
		11B3E0561ED41875007050B3 /* NSString+TTExt2Frame.m in Sources */ = {isa = PBXBuildFile; fileRef = 11B3DFAC1ED41875007050B3 /* NSString+TTExt2Frame.m */; };
		11B3E0571ED41875007050B3 /* NSTimer+TTExt.h in Headers */ = {isa = PBXBuildFile; fileRef = 11B3DFAE1ED41875007050B3 /* NSTimer+TTExt.h */; };
		11B3E0581ED41875007050B3 /* NSTimer+TTExt.m in Sources */ = {isa = PBXBuildFile; fileRef = 11B3DFAF1ED41875007050B3 /* NSTimer+TTExt.m */; };
		11B3E0591ED41875007050B3 /* NSUserDefaults+TTExt.h in Headers */ = {isa = PBXBuildFile; fileRef = 11B3DFB11ED41875007050B3 /* NSUserDefaults+TTExt.h */; };
		11B3E05A1ED41875007050B3 /* NSUserDefaults+TTExt.m in Sources */ = {isa = PBXBuildFile; fileRef = 11B3DFB21ED41875007050B3 /* NSUserDefaults+TTExt.m */; };
		11B3E05B1ED41875007050B3 /* TT_FoundationHeader.h in Headers */ = {isa = PBXBuildFile; fileRef = 11B3DFB31ED41875007050B3 /* TT_FoundationHeader.h */; };
		11B3E05C1ED41875007050B3 /* CALayer+TTExt.h in Headers */ = {isa = PBXBuildFile; fileRef = 11B3DFB51ED41875007050B3 /* CALayer+TTExt.h */; };
		11B3E05D1ED41875007050B3 /* CALayer+TTExt.m in Sources */ = {isa = PBXBuildFile; fileRef = 11B3DFB61ED41875007050B3 /* CALayer+TTExt.m */; };
		11B3E05E1ED41875007050B3 /* TT_CategoryHeader.h in Headers */ = {isa = PBXBuildFile; fileRef = 11B3DFB71ED41875007050B3 /* TT_CategoryHeader.h */; };
		11B3E05F1ED41875007050B3 /* TT_UIKitHeader.h in Headers */ = {isa = PBXBuildFile; fileRef = 11B3DFB91ED41875007050B3 /* TT_UIKitHeader.h */; };
		11B3E0601ED41875007050B3 /* UIApplication+TTExt.h in Headers */ = {isa = PBXBuildFile; fileRef = 11B3DFBB1ED41875007050B3 /* UIApplication+TTExt.h */; };
		11B3E0611ED41875007050B3 /* UIApplication+TTExt.m in Sources */ = {isa = PBXBuildFile; fileRef = 11B3DFBC1ED41875007050B3 /* UIApplication+TTExt.m */; };
		11B3E0621ED41875007050B3 /* UIBarButtonItem+TTExt.h in Headers */ = {isa = PBXBuildFile; fileRef = 11B3DFBE1ED41875007050B3 /* UIBarButtonItem+TTExt.h */; };
		11B3E0631ED41875007050B3 /* UIBarButtonItem+TTExt.m in Sources */ = {isa = PBXBuildFile; fileRef = 11B3DFBF1ED41875007050B3 /* UIBarButtonItem+TTExt.m */; };
		11B3E0641ED41875007050B3 /* UIBezierPath+TTExt.h in Headers */ = {isa = PBXBuildFile; fileRef = 11B3DFC11ED41875007050B3 /* UIBezierPath+TTExt.h */; };
		11B3E0651ED41875007050B3 /* UIBezierPath+TTExt.m in Sources */ = {isa = PBXBuildFile; fileRef = 11B3DFC21ED41875007050B3 /* UIBezierPath+TTExt.m */; };
		11B3E0661ED41875007050B3 /* UIButton+TTExt.h in Headers */ = {isa = PBXBuildFile; fileRef = 11B3DFC41ED41875007050B3 /* UIButton+TTExt.h */; };
		11B3E0671ED41875007050B3 /* UIButton+TTExt.m in Sources */ = {isa = PBXBuildFile; fileRef = 11B3DFC51ED41875007050B3 /* UIButton+TTExt.m */; };
		11B3E0681ED41875007050B3 /* UIButton+TTExt2CountDown.h in Headers */ = {isa = PBXBuildFile; fileRef = 11B3DFC61ED41875007050B3 /* UIButton+TTExt2CountDown.h */; };
		11B3E0691ED41875007050B3 /* UIButton+TTExt2CountDown.m in Sources */ = {isa = PBXBuildFile; fileRef = 11B3DFC71ED41875007050B3 /* UIButton+TTExt2CountDown.m */; };
		11B3E06A1ED41875007050B3 /* UIButton+TTExt2ImagePosition.h in Headers */ = {isa = PBXBuildFile; fileRef = 11B3DFC81ED41875007050B3 /* UIButton+TTExt2ImagePosition.h */; };
		11B3E06B1ED41875007050B3 /* UIButton+TTExt2ImagePosition.m in Sources */ = {isa = PBXBuildFile; fileRef = 11B3DFC91ED41875007050B3 /* UIButton+TTExt2ImagePosition.m */; };
		11B3E06C1ED41875007050B3 /* UIColor+TTExt.h in Headers */ = {isa = PBXBuildFile; fileRef = 11B3DFCB1ED41875007050B3 /* UIColor+TTExt.h */; };
		11B3E06D1ED41875007050B3 /* UIColor+TTExt.m in Sources */ = {isa = PBXBuildFile; fileRef = 11B3DFCC1ED41875007050B3 /* UIColor+TTExt.m */; };
		11B3E06E1ED41875007050B3 /* UIControl+TTExt.h in Headers */ = {isa = PBXBuildFile; fileRef = 11B3DFCE1ED41875007050B3 /* UIControl+TTExt.h */; };
		11B3E06F1ED41875007050B3 /* UIControl+TTExt.m in Sources */ = {isa = PBXBuildFile; fileRef = 11B3DFCF1ED41875007050B3 /* UIControl+TTExt.m */; };
		11B3E0701ED41875007050B3 /* UIDevice+TTExt.h in Headers */ = {isa = PBXBuildFile; fileRef = 11B3DFD11ED41875007050B3 /* UIDevice+TTExt.h */; };
		11B3E0711ED41875007050B3 /* UIDevice+TTExt.m in Sources */ = {isa = PBXBuildFile; fileRef = 11B3DFD21ED41875007050B3 /* UIDevice+TTExt.m */; };
		11B3E0721ED41875007050B3 /* UIFont+TTExt.h in Headers */ = {isa = PBXBuildFile; fileRef = 11B3DFD41ED41875007050B3 /* UIFont+TTExt.h */; };
		11B3E0731ED41875007050B3 /* UIFont+TTExt.m in Sources */ = {isa = PBXBuildFile; fileRef = 11B3DFD51ED41875007050B3 /* UIFont+TTExt.m */; };
		11B3E0741ED41875007050B3 /* UIGestureRecognizer+TTExt.h in Headers */ = {isa = PBXBuildFile; fileRef = 11B3DFD71ED41875007050B3 /* UIGestureRecognizer+TTExt.h */; };
		11B3E0751ED41875007050B3 /* UIGestureRecognizer+TTExt.m in Sources */ = {isa = PBXBuildFile; fileRef = 11B3DFD81ED41875007050B3 /* UIGestureRecognizer+TTExt.m */; };
		11B3E0761ED41875007050B3 /* UIImage+TTExt.h in Headers */ = {isa = PBXBuildFile; fileRef = 11B3DFDA1ED41875007050B3 /* UIImage+TTExt.h */; };
		11B3E0771ED41875007050B3 /* UIImage+TTExt.m in Sources */ = {isa = PBXBuildFile; fileRef = 11B3DFDB1ED41875007050B3 /* UIImage+TTExt.m */; };
		11B3E0781ED41875007050B3 /* UIImage+TTExt2Effect.h in Headers */ = {isa = PBXBuildFile; fileRef = 11B3DFDC1ED41875007050B3 /* UIImage+TTExt2Effect.h */; };
		11B3E0791ED41875007050B3 /* UIImage+TTExt2Effect.m in Sources */ = {isa = PBXBuildFile; fileRef = 11B3DFDD1ED41875007050B3 /* UIImage+TTExt2Effect.m */; };
		11B3E07A1ED41875007050B3 /* UIImageView+TTExt.h in Headers */ = {isa = PBXBuildFile; fileRef = 11B3DFDF1ED41875007050B3 /* UIImageView+TTExt.h */; };
		11B3E07B1ED41875007050B3 /* UIImageView+TTExt.m in Sources */ = {isa = PBXBuildFile; fileRef = 11B3DFE01ED41875007050B3 /* UIImageView+TTExt.m */; };
		11B3E07C1ED41875007050B3 /* UINavigationBar+TTExt2BGColor.h in Headers */ = {isa = PBXBuildFile; fileRef = 11B3DFE21ED41875007050B3 /* UINavigationBar+TTExt2BGColor.h */; };
		11B3E07D1ED41875007050B3 /* UINavigationBar+TTExt2BGColor.m in Sources */ = {isa = PBXBuildFile; fileRef = 11B3DFE31ED41875007050B3 /* UINavigationBar+TTExt2BGColor.m */; };
		11B3E07E1ED41875007050B3 /* UINavigationController+TTExt.h in Headers */ = {isa = PBXBuildFile; fileRef = 11B3DFE51ED41875007050B3 /* UINavigationController+TTExt.h */; };
		11B3E07F1ED41875007050B3 /* UINavigationController+TTExt.m in Sources */ = {isa = PBXBuildFile; fileRef = 11B3DFE61ED41875007050B3 /* UINavigationController+TTExt.m */; };
		11B3E0801ED41875007050B3 /* UIScrollView+TTExt.h in Headers */ = {isa = PBXBuildFile; fileRef = 11B3DFE81ED41875007050B3 /* UIScrollView+TTExt.h */; };
		11B3E0811ED41875007050B3 /* UIScrollView+TTExt.m in Sources */ = {isa = PBXBuildFile; fileRef = 11B3DFE91ED41875007050B3 /* UIScrollView+TTExt.m */; };
		11B3E0821ED41875007050B3 /* UITableView+TTExt.h in Headers */ = {isa = PBXBuildFile; fileRef = 11B3DFEB1ED41875007050B3 /* UITableView+TTExt.h */; };
		11B3E0831ED41875007050B3 /* UITableView+TTExt.m in Sources */ = {isa = PBXBuildFile; fileRef = 11B3DFEC1ED41875007050B3 /* UITableView+TTExt.m */; };
		11B3E0841ED41875007050B3 /* UITextField+TTExt.h in Headers */ = {isa = PBXBuildFile; fileRef = 11B3DFEE1ED41875007050B3 /* UITextField+TTExt.h */; };
		11B3E0851ED41875007050B3 /* UITextField+TTExt.m in Sources */ = {isa = PBXBuildFile; fileRef = 11B3DFEF1ED41875007050B3 /* UITextField+TTExt.m */; };
		11B3E0861ED41875007050B3 /* UITextView+TTExt.h in Headers */ = {isa = PBXBuildFile; fileRef = 11B3DFF11ED41875007050B3 /* UITextView+TTExt.h */; };
		11B3E0871ED41875007050B3 /* UITextView+TTExt.m in Sources */ = {isa = PBXBuildFile; fileRef = 11B3DFF21ED41875007050B3 /* UITextView+TTExt.m */; };
		11B3E0881ED41875007050B3 /* UIView+TTExt.h in Headers */ = {isa = PBXBuildFile; fileRef = 11B3DFF41ED41875007050B3 /* UIView+TTExt.h */; };
		11B3E0891ED41875007050B3 /* UIView+TTExt.m in Sources */ = {isa = PBXBuildFile; fileRef = 11B3DFF51ED41875007050B3 /* UIView+TTExt.m */; };
		11B3E08A1ED41875007050B3 /* TT_Reachability.h in Headers */ = {isa = PBXBuildFile; fileRef = 11B3DFF91ED41875007050B3 /* TT_Reachability.h */; };
		11B3E08B1ED41875007050B3 /* TT_Reachability.m in Sources */ = {isa = PBXBuildFile; fileRef = 11B3DFFA1ED41875007050B3 /* TT_Reachability.m */; };
		11B3E0901ED41875007050B3 /* BaseService.h in Headers */ = {isa = PBXBuildFile; fileRef = 11B3E0001ED41875007050B3 /* BaseService.h */; };
		11B3E0911ED41875007050B3 /* BaseService.m in Sources */ = {isa = PBXBuildFile; fileRef = 11B3E0011ED41875007050B3 /* BaseService.m */; };
		11B3E0921ED41875007050B3 /* TTMediator.h in Headers */ = {isa = PBXBuildFile; fileRef = 11B3E0031ED41875007050B3 /* TTMediator.h */; };
		11B3E0931ED41875007050B3 /* TTMediator.m in Sources */ = {isa = PBXBuildFile; fileRef = 11B3E0041ED41875007050B3 /* TTMediator.m */; };
		11B3E0941ED41875007050B3 /* UIViewController+TTExt2Parameter.h in Headers */ = {isa = PBXBuildFile; fileRef = 11B3E0051ED41875007050B3 /* UIViewController+TTExt2Parameter.h */; };
		11B3E0951ED41875007050B3 /* UIViewController+TTExt2Parameter.m in Sources */ = {isa = PBXBuildFile; fileRef = 11B3E0061ED41875007050B3 /* UIViewController+TTExt2Parameter.m */; };
		11B3E09A1ED41875007050B3 /* TT_Define_App.h in Headers */ = {isa = PBXBuildFile; fileRef = 11B3E00D1ED41875007050B3 /* TT_Define_App.h */; };
		11B3E09B1ED41875007050B3 /* TT_Define_Singleton.h in Headers */ = {isa = PBXBuildFile; fileRef = 11B3E00E1ED41875007050B3 /* TT_Define_Singleton.h */; };
		11B3E09C1ED41875007050B3 /* AppInfoUtil.h in Headers */ = {isa = PBXBuildFile; fileRef = 11B3E0111ED41875007050B3 /* AppInfoUtil.h */; };
		11B3E09D1ED41875007050B3 /* AppInfoUtil.m in Sources */ = {isa = PBXBuildFile; fileRef = 11B3E0121ED41875007050B3 /* AppInfoUtil.m */; };
		11B3E09E1ED41875007050B3 /* TT_Utils_Header.h in Headers */ = {isa = PBXBuildFile; fileRef = 11B3E0151ED41875007050B3 /* TT_Utils_Header.h */; };
		11B3E09F1ED41875007050B3 /* TTAlertUtil.h in Headers */ = {isa = PBXBuildFile; fileRef = 11B3E0171ED41875007050B3 /* TTAlertUtil.h */; };
		11B3E0A01ED41875007050B3 /* TTAlertUtil.m in Sources */ = {isa = PBXBuildFile; fileRef = 11B3E0181ED41875007050B3 /* TTAlertUtil.m */; };
		11B3E0AA1ED41875007050B3 /* TTProgressHUD.h in Headers */ = {isa = PBXBuildFile; fileRef = 11B3E0241ED41875007050B3 /* TTProgressHUD.h */; };
		11B3E0AB1ED41875007050B3 /* TTProgressHUD.m in Sources */ = {isa = PBXBuildFile; fileRef = 11B3E0251ED41875007050B3 /* TTProgressHUD.m */; };
		11B3E0AC1ED41875007050B3 /* TTQRCodeUtil.h in Headers */ = {isa = PBXBuildFile; fileRef = 11B3E0271ED41875007050B3 /* TTQRCodeUtil.h */; };
		11B3E0AD1ED41875007050B3 /* TTQRCodeUtil.m in Sources */ = {isa = PBXBuildFile; fileRef = 11B3E0281ED41875007050B3 /* TTQRCodeUtil.m */; };
		11B3E0AE1ED41875007050B3 /* TTDataSource.h in Headers */ = {isa = PBXBuildFile; fileRef = 11B3E02A1ED41875007050B3 /* TTDataSource.h */; };
		11B3E0AF1ED41875007050B3 /* TTDataSource.m in Sources */ = {isa = PBXBuildFile; fileRef = 11B3E02B1ED41875007050B3 /* TTDataSource.m */; };
		11B3E0B01ED41875007050B3 /* UserInfoUtil.h in Headers */ = {isa = PBXBuildFile; fileRef = 11B3E02D1ED41875007050B3 /* UserInfoUtil.h */; };
		11B3E0B11ED41875007050B3 /* UserInfoUtil.m in Sources */ = {isa = PBXBuildFile; fileRef = 11B3E02E1ED41875007050B3 /* UserInfoUtil.m */; };
		11B3E0B41ED4189E007050B3 /* libsqlite3.tbd in Frameworks */ = {isa = PBXBuildFile; fileRef = 11B3E0B31ED4189E007050B3 /* libsqlite3.tbd */; };
		11C0BEB31F050B38004FC175 /* TTQRCodeScan.h in Headers */ = {isa = PBXBuildFile; fileRef = 11C0BEAF1F050B38004FC175 /* TTQRCodeScan.h */; };
		11C0BEB41F050B38004FC175 /* TTQRCodeScan.m in Sources */ = {isa = PBXBuildFile; fileRef = 11C0BEB01F050B38004FC175 /* TTQRCodeScan.m */; };
		11C0BEB51F050B38004FC175 /* TTScanBoxLine.h in Headers */ = {isa = PBXBuildFile; fileRef = 11C0BEB11F050B38004FC175 /* TTScanBoxLine.h */; };
		11C0BEB61F050B38004FC175 /* TTScanBoxLine.m in Sources */ = {isa = PBXBuildFile; fileRef = 11C0BEB21F050B38004FC175 /* TTScanBoxLine.m */; };
		11F57C381F4D338C0056E34F /* UILabel+TTExt.h in Headers */ = {isa = PBXBuildFile; fileRef = 11F57C361F4D338C0056E34F /* UILabel+TTExt.h */; };
		11F57C391F4D338C0056E34F /* UILabel+TTExt.m in Sources */ = {isa = PBXBuildFile; fileRef = 11F57C371F4D338C0056E34F /* UILabel+TTExt.m */; };
		5217815662B12875C00B7D72 /* libPods-TQKit.a in Frameworks */ = {isa = PBXBuildFile; fileRef = 2F219564B131C281410E0647 /* libPods-TQKit.a */; };
/* End PBXBuildFile section */

/* Begin PBXFileReference section */
		1155BF5A1EEE7F2A007B09BF /* YYCategoriesMacro.h */ = {isa = PBXFileReference; fileEncoding = 4; lastKnownFileType = sourcecode.c.h; path = YYCategoriesMacro.h; sourceTree = "<group>"; };
		1155BF5D1EEE8940007B09BF /* YYCGUtilities.h */ = {isa = PBXFileReference; fileEncoding = 4; lastKnownFileType = sourcecode.c.h; path = YYCGUtilities.h; sourceTree = "<group>"; };
		1155BF5E1EEE8940007B09BF /* YYCGUtilities.m */ = {isa = PBXFileReference; fileEncoding = 4; lastKnownFileType = sourcecode.c.objc; path = YYCGUtilities.m; sourceTree = "<group>"; };
		115626D51F21E9B000D5A8E0 /* UIViewController+TTExt2Back.h */ = {isa = PBXFileReference; fileEncoding = 4; lastKnownFileType = sourcecode.c.h; path = "UIViewController+TTExt2Back.h"; sourceTree = "<group>"; };
		115626D61F21E9B000D5A8E0 /* UIViewController+TTExt2Back.m */ = {isa = PBXFileReference; fileEncoding = 4; lastKnownFileType = sourcecode.c.objc; path = "UIViewController+TTExt2Back.m"; sourceTree = "<group>"; };
		117335A91F0118FD003919D3 /* TTConstants.h */ = {isa = PBXFileReference; fileEncoding = 4; lastKnownFileType = sourcecode.c.h; path = TTConstants.h; sourceTree = "<group>"; };
		117335AA1F0118FD003919D3 /* TTConstants.m */ = {isa = PBXFileReference; fileEncoding = 4; lastKnownFileType = sourcecode.c.objc; path = TTConstants.m; sourceTree = "<group>"; };
		117335BA1F01F574003919D3 /* AFURLSessionManager+TTDownload.h */ = {isa = PBXFileReference; fileEncoding = 4; lastKnownFileType = sourcecode.c.h; path = "AFURLSessionManager+TTDownload.h"; sourceTree = "<group>"; };
		117335BB1F01F574003919D3 /* AFURLSessionManager+TTDownload.m */ = {isa = PBXFileReference; fileEncoding = 4; lastKnownFileType = sourcecode.c.objc; path = "AFURLSessionManager+TTDownload.m"; sourceTree = "<group>"; };
		117335BC1F01F574003919D3 /* TTAPIClient.h */ = {isa = PBXFileReference; fileEncoding = 4; lastKnownFileType = sourcecode.c.h; path = TTAPIClient.h; sourceTree = "<group>"; };
		117335BD1F01F574003919D3 /* TTAPIClient.m */ = {isa = PBXFileReference; fileEncoding = 4; lastKnownFileType = sourcecode.c.objc; path = TTAPIClient.m; sourceTree = "<group>"; };
		117335BE1F01F574003919D3 /* TTFileAction.h */ = {isa = PBXFileReference; fileEncoding = 4; lastKnownFileType = sourcecode.c.h; path = TTFileAction.h; sourceTree = "<group>"; };
		117335BF1F01F574003919D3 /* TTFileAction.m */ = {isa = PBXFileReference; fileEncoding = 4; lastKnownFileType = sourcecode.c.objc; path = TTFileAction.m; sourceTree = "<group>"; };
		117335C01F01F574003919D3 /* TTHttpAction.h */ = {isa = PBXFileReference; fileEncoding = 4; lastKnownFileType = sourcecode.c.h; path = TTHttpAction.h; sourceTree = "<group>"; };
		117335C11F01F574003919D3 /* TTHttpAction.m */ = {isa = PBXFileReference; fileEncoding = 4; lastKnownFileType = sourcecode.c.objc; path = TTHttpAction.m; sourceTree = "<group>"; };
		117D11171EF8B83100303F8D /* NSString+TTExt2Vertify.h */ = {isa = PBXFileReference; fileEncoding = 4; lastKnownFileType = sourcecode.c.h; path = "NSString+TTExt2Vertify.h"; sourceTree = "<group>"; };
		117D11181EF8B83100303F8D /* NSString+TTExt2Vertify.m */ = {isa = PBXFileReference; fileEncoding = 4; lastKnownFileType = sourcecode.c.objc; path = "NSString+TTExt2Vertify.m"; sourceTree = "<group>"; };
		11818BE41F2ED9DD0067A062 /* UIButton+TTExt2Layer.h */ = {isa = PBXFileReference; fileEncoding = 4; lastKnownFileType = sourcecode.c.h; path = "UIButton+TTExt2Layer.h"; sourceTree = "<group>"; };
		11818BE51F2ED9DD0067A062 /* UIButton+TTExt2Layer.m */ = {isa = PBXFileReference; fileEncoding = 4; lastKnownFileType = sourcecode.c.objc; path = "UIButton+TTExt2Layer.m"; sourceTree = "<group>"; };
		11829F6F1F024F2C002F4F7E /* Doc */ = {isa = PBXFileReference; fileEncoding = 4; lastKnownFileType = text; path = Doc; sourceTree = "<group>"; };
		11829F701F024F2C002F4F7E /* TTBanner_arrow@2x.png */ = {isa = PBXFileReference; lastKnownFileType = image.png; path = "TTBanner_arrow@2x.png"; sourceTree = "<group>"; };
		11829F711F024F2C002F4F7E /* TTBannerCell.h */ = {isa = PBXFileReference; fileEncoding = 4; lastKnownFileType = sourcecode.c.h; path = TTBannerCell.h; sourceTree = "<group>"; };
		11829F721F024F2C002F4F7E /* TTBannerCell.m */ = {isa = PBXFileReference; fileEncoding = 4; lastKnownFileType = sourcecode.c.objc; path = TTBannerCell.m; sourceTree = "<group>"; };
		11829F731F024F2C002F4F7E /* TTBannerFooter.h */ = {isa = PBXFileReference; fileEncoding = 4; lastKnownFileType = sourcecode.c.h; path = TTBannerFooter.h; sourceTree = "<group>"; };
		11829F741F024F2C002F4F7E /* TTBannerFooter.m */ = {isa = PBXFileReference; fileEncoding = 4; lastKnownFileType = sourcecode.c.objc; path = TTBannerFooter.m; sourceTree = "<group>"; };
		11829F751F024F2C002F4F7E /* TTBannerView.h */ = {isa = PBXFileReference; fileEncoding = 4; lastKnownFileType = sourcecode.c.h; path = TTBannerView.h; sourceTree = "<group>"; };
		11829F761F024F2C002F4F7E /* TTBannerView.m */ = {isa = PBXFileReference; fileEncoding = 4; lastKnownFileType = sourcecode.c.objc; path = TTBannerView.m; sourceTree = "<group>"; };
		11829F7F1F025B07002F4F7E /* TT_ComponetHeader.h */ = {isa = PBXFileReference; fileEncoding = 4; lastKnownFileType = sourcecode.c.h; path = TT_ComponetHeader.h; sourceTree = "<group>"; };
		1187DA6E1F372A7C00FFD506 /* UIView+TTExt2TouchArea.h */ = {isa = PBXFileReference; fileEncoding = 4; lastKnownFileType = sourcecode.c.h; path = "UIView+TTExt2TouchArea.h"; sourceTree = "<group>"; };
		1187DA6F1F372A7C00FFD506 /* UIView+TTExt2TouchArea.m */ = {isa = PBXFileReference; fileEncoding = 4; lastKnownFileType = sourcecode.c.objc; path = "UIView+TTExt2TouchArea.m"; sourceTree = "<group>"; };
		118A68241EE7838300DFCC13 /* NSData+TTExt.h */ = {isa = PBXFileReference; fileEncoding = 4; lastKnownFileType = sourcecode.c.h; path = "NSData+TTExt.h"; sourceTree = "<group>"; };
		118A68251EE7838300DFCC13 /* NSData+TTExt.m */ = {isa = PBXFileReference; fileEncoding = 4; lastKnownFileType = sourcecode.c.objc; path = "NSData+TTExt.m"; sourceTree = "<group>"; };
		118A68281EE7861A00DFCC13 /* libz.tbd */ = {isa = PBXFileReference; lastKnownFileType = "sourcecode.text-based-dylib-definition"; name = libz.tbd; path = usr/lib/libz.tbd; sourceTree = SDKROOT; };
		118A682A1EE7868600DFCC13 /* NSString+TTExt2Hash.h */ = {isa = PBXFileReference; fileEncoding = 4; lastKnownFileType = sourcecode.c.h; path = "NSString+TTExt2Hash.h"; sourceTree = "<group>"; };
		118A682B1EE7868600DFCC13 /* NSString+TTExt2Hash.m */ = {isa = PBXFileReference; fileEncoding = 4; lastKnownFileType = sourcecode.c.objc; path = "NSString+TTExt2Hash.m"; sourceTree = "<group>"; };
		119369551F09E449003285E2 /* NSDate+TTExt2InternetDate.h */ = {isa = PBXFileReference; fileEncoding = 4; lastKnownFileType = sourcecode.c.h; path = "NSDate+TTExt2InternetDate.h"; sourceTree = "<group>"; };
		119369561F09E449003285E2 /* NSDate+TTExt2InternetDate.m */ = {isa = PBXFileReference; fileEncoding = 4; lastKnownFileType = sourcecode.c.objc; path = "NSDate+TTExt2InternetDate.m"; sourceTree = "<group>"; };
		11B3DF6E1ED41827007050B3 /* TQKit.framework */ = {isa = PBXFileReference; explicitFileType = wrapper.framework; includeInIndex = 0; path = TQKit.framework; sourceTree = BUILT_PRODUCTS_DIR; };
		11B3DF711ED41827007050B3 /* TQKit.h */ = {isa = PBXFileReference; lastKnownFileType = sourcecode.c.h; path = TQKit.h; sourceTree = "<group>"; };
		11B3DF721ED41827007050B3 /* Info.plist */ = {isa = PBXFileReference; lastKnownFileType = text.plist.xml; path = Info.plist; sourceTree = "<group>"; };
		11B3DF991ED41875007050B3 /* NSDate+TTExt.h */ = {isa = PBXFileReference; fileEncoding = 4; lastKnownFileType = sourcecode.c.h; path = "NSDate+TTExt.h"; sourceTree = "<group>"; };
		11B3DF9A1ED41875007050B3 /* NSDate+TTExt.m */ = {isa = PBXFileReference; fileEncoding = 4; lastKnownFileType = sourcecode.c.objc; path = "NSDate+TTExt.m"; sourceTree = "<group>"; };
		11B3DF9B1ED41875007050B3 /* NSDate+TTExt2Format.h */ = {isa = PBXFileReference; fileEncoding = 4; lastKnownFileType = sourcecode.c.h; path = "NSDate+TTExt2Format.h"; sourceTree = "<group>"; };
		11B3DF9C1ED41875007050B3 /* NSDate+TTExt2Format.m */ = {isa = PBXFileReference; fileEncoding = 4; lastKnownFileType = sourcecode.c.objc; path = "NSDate+TTExt2Format.m"; sourceTree = "<group>"; };
		11B3DF9E1ED41875007050B3 /* NSDictionary+TTExt.h */ = {isa = PBXFileReference; fileEncoding = 4; lastKnownFileType = sourcecode.c.h; path = "NSDictionary+TTExt.h"; sourceTree = "<group>"; };
		11B3DF9F1ED41875007050B3 /* NSDictionary+TTExt.m */ = {isa = PBXFileReference; fileEncoding = 4; lastKnownFileType = sourcecode.c.objc; path = "NSDictionary+TTExt.m"; sourceTree = "<group>"; };
		11B3DFA01ED41875007050B3 /* NSDictionary+TTExt2UrlParam.h */ = {isa = PBXFileReference; fileEncoding = 4; lastKnownFileType = sourcecode.c.h; path = "NSDictionary+TTExt2UrlParam.h"; sourceTree = "<group>"; };
		11B3DFA11ED41875007050B3 /* NSDictionary+TTExt2UrlParam.m */ = {isa = PBXFileReference; fileEncoding = 4; lastKnownFileType = sourcecode.c.objc; path = "NSDictionary+TTExt2UrlParam.m"; sourceTree = "<group>"; };
		11B3DFA31ED41875007050B3 /* NSNumber+TTExt.h */ = {isa = PBXFileReference; fileEncoding = 4; lastKnownFileType = sourcecode.c.h; path = "NSNumber+TTExt.h"; sourceTree = "<group>"; };
		11B3DFA41ED41875007050B3 /* NSNumber+TTExt.m */ = {isa = PBXFileReference; fileEncoding = 4; lastKnownFileType = sourcecode.c.objc; path = "NSNumber+TTExt.m"; sourceTree = "<group>"; };
		11B3DFA61ED41875007050B3 /* NSObject+TTExt.h */ = {isa = PBXFileReference; fileEncoding = 4; lastKnownFileType = sourcecode.c.h; path = "NSObject+TTExt.h"; sourceTree = "<group>"; };
		11B3DFA71ED41875007050B3 /* NSObject+TTExt.m */ = {isa = PBXFileReference; fileEncoding = 4; lastKnownFileType = sourcecode.c.objc; path = "NSObject+TTExt.m"; sourceTree = "<group>"; };
		11B3DFA91ED41875007050B3 /* NSString+TTExt.h */ = {isa = PBXFileReference; fileEncoding = 4; lastKnownFileType = sourcecode.c.h; path = "NSString+TTExt.h"; sourceTree = "<group>"; };
		11B3DFAA1ED41875007050B3 /* NSString+TTExt.m */ = {isa = PBXFileReference; fileEncoding = 4; lastKnownFileType = sourcecode.c.objc; path = "NSString+TTExt.m"; sourceTree = "<group>"; };
		11B3DFAB1ED41875007050B3 /* NSString+TTExt2Frame.h */ = {isa = PBXFileReference; fileEncoding = 4; lastKnownFileType = sourcecode.c.h; path = "NSString+TTExt2Frame.h"; sourceTree = "<group>"; };
		11B3DFAC1ED41875007050B3 /* NSString+TTExt2Frame.m */ = {isa = PBXFileReference; fileEncoding = 4; lastKnownFileType = sourcecode.c.objc; path = "NSString+TTExt2Frame.m"; sourceTree = "<group>"; };
		11B3DFAE1ED41875007050B3 /* NSTimer+TTExt.h */ = {isa = PBXFileReference; fileEncoding = 4; lastKnownFileType = sourcecode.c.h; path = "NSTimer+TTExt.h"; sourceTree = "<group>"; };
		11B3DFAF1ED41875007050B3 /* NSTimer+TTExt.m */ = {isa = PBXFileReference; fileEncoding = 4; lastKnownFileType = sourcecode.c.objc; path = "NSTimer+TTExt.m"; sourceTree = "<group>"; };
		11B3DFB11ED41875007050B3 /* NSUserDefaults+TTExt.h */ = {isa = PBXFileReference; fileEncoding = 4; lastKnownFileType = sourcecode.c.h; path = "NSUserDefaults+TTExt.h"; sourceTree = "<group>"; };
		11B3DFB21ED41875007050B3 /* NSUserDefaults+TTExt.m */ = {isa = PBXFileReference; fileEncoding = 4; lastKnownFileType = sourcecode.c.objc; path = "NSUserDefaults+TTExt.m"; sourceTree = "<group>"; };
		11B3DFB31ED41875007050B3 /* TT_FoundationHeader.h */ = {isa = PBXFileReference; fileEncoding = 4; lastKnownFileType = sourcecode.c.h; path = TT_FoundationHeader.h; sourceTree = "<group>"; };
		11B3DFB51ED41875007050B3 /* CALayer+TTExt.h */ = {isa = PBXFileReference; fileEncoding = 4; lastKnownFileType = sourcecode.c.h; path = "CALayer+TTExt.h"; sourceTree = "<group>"; };
		11B3DFB61ED41875007050B3 /* CALayer+TTExt.m */ = {isa = PBXFileReference; fileEncoding = 4; lastKnownFileType = sourcecode.c.objc; path = "CALayer+TTExt.m"; sourceTree = "<group>"; };
		11B3DFB71ED41875007050B3 /* TT_CategoryHeader.h */ = {isa = PBXFileReference; fileEncoding = 4; lastKnownFileType = sourcecode.c.h; path = TT_CategoryHeader.h; sourceTree = "<group>"; };
		11B3DFB91ED41875007050B3 /* TT_UIKitHeader.h */ = {isa = PBXFileReference; fileEncoding = 4; lastKnownFileType = sourcecode.c.h; path = TT_UIKitHeader.h; sourceTree = "<group>"; };
		11B3DFBB1ED41875007050B3 /* UIApplication+TTExt.h */ = {isa = PBXFileReference; fileEncoding = 4; lastKnownFileType = sourcecode.c.h; path = "UIApplication+TTExt.h"; sourceTree = "<group>"; };
		11B3DFBC1ED41875007050B3 /* UIApplication+TTExt.m */ = {isa = PBXFileReference; fileEncoding = 4; lastKnownFileType = sourcecode.c.objc; path = "UIApplication+TTExt.m"; sourceTree = "<group>"; };
		11B3DFBE1ED41875007050B3 /* UIBarButtonItem+TTExt.h */ = {isa = PBXFileReference; fileEncoding = 4; lastKnownFileType = sourcecode.c.h; path = "UIBarButtonItem+TTExt.h"; sourceTree = "<group>"; };
		11B3DFBF1ED41875007050B3 /* UIBarButtonItem+TTExt.m */ = {isa = PBXFileReference; fileEncoding = 4; lastKnownFileType = sourcecode.c.objc; path = "UIBarButtonItem+TTExt.m"; sourceTree = "<group>"; };
		11B3DFC11ED41875007050B3 /* UIBezierPath+TTExt.h */ = {isa = PBXFileReference; fileEncoding = 4; lastKnownFileType = sourcecode.c.h; path = "UIBezierPath+TTExt.h"; sourceTree = "<group>"; };
		11B3DFC21ED41875007050B3 /* UIBezierPath+TTExt.m */ = {isa = PBXFileReference; fileEncoding = 4; lastKnownFileType = sourcecode.c.objc; path = "UIBezierPath+TTExt.m"; sourceTree = "<group>"; };
		11B3DFC41ED41875007050B3 /* UIButton+TTExt.h */ = {isa = PBXFileReference; fileEncoding = 4; lastKnownFileType = sourcecode.c.h; path = "UIButton+TTExt.h"; sourceTree = "<group>"; };
		11B3DFC51ED41875007050B3 /* UIButton+TTExt.m */ = {isa = PBXFileReference; fileEncoding = 4; lastKnownFileType = sourcecode.c.objc; path = "UIButton+TTExt.m"; sourceTree = "<group>"; };
		11B3DFC61ED41875007050B3 /* UIButton+TTExt2CountDown.h */ = {isa = PBXFileReference; fileEncoding = 4; lastKnownFileType = sourcecode.c.h; path = "UIButton+TTExt2CountDown.h"; sourceTree = "<group>"; };
		11B3DFC71ED41875007050B3 /* UIButton+TTExt2CountDown.m */ = {isa = PBXFileReference; fileEncoding = 4; lastKnownFileType = sourcecode.c.objc; path = "UIButton+TTExt2CountDown.m"; sourceTree = "<group>"; };
		11B3DFC81ED41875007050B3 /* UIButton+TTExt2ImagePosition.h */ = {isa = PBXFileReference; fileEncoding = 4; lastKnownFileType = sourcecode.c.h; path = "UIButton+TTExt2ImagePosition.h"; sourceTree = "<group>"; };
		11B3DFC91ED41875007050B3 /* UIButton+TTExt2ImagePosition.m */ = {isa = PBXFileReference; fileEncoding = 4; lastKnownFileType = sourcecode.c.objc; path = "UIButton+TTExt2ImagePosition.m"; sourceTree = "<group>"; };
		11B3DFCB1ED41875007050B3 /* UIColor+TTExt.h */ = {isa = PBXFileReference; fileEncoding = 4; lastKnownFileType = sourcecode.c.h; path = "UIColor+TTExt.h"; sourceTree = "<group>"; };
		11B3DFCC1ED41875007050B3 /* UIColor+TTExt.m */ = {isa = PBXFileReference; fileEncoding = 4; lastKnownFileType = sourcecode.c.objc; path = "UIColor+TTExt.m"; sourceTree = "<group>"; };
		11B3DFCE1ED41875007050B3 /* UIControl+TTExt.h */ = {isa = PBXFileReference; fileEncoding = 4; lastKnownFileType = sourcecode.c.h; path = "UIControl+TTExt.h"; sourceTree = "<group>"; };
		11B3DFCF1ED41875007050B3 /* UIControl+TTExt.m */ = {isa = PBXFileReference; fileEncoding = 4; lastKnownFileType = sourcecode.c.objc; path = "UIControl+TTExt.m"; sourceTree = "<group>"; };
		11B3DFD11ED41875007050B3 /* UIDevice+TTExt.h */ = {isa = PBXFileReference; fileEncoding = 4; lastKnownFileType = sourcecode.c.h; path = "UIDevice+TTExt.h"; sourceTree = "<group>"; };
		11B3DFD21ED41875007050B3 /* UIDevice+TTExt.m */ = {isa = PBXFileReference; fileEncoding = 4; lastKnownFileType = sourcecode.c.objc; path = "UIDevice+TTExt.m"; sourceTree = "<group>"; };
		11B3DFD41ED41875007050B3 /* UIFont+TTExt.h */ = {isa = PBXFileReference; fileEncoding = 4; lastKnownFileType = sourcecode.c.h; path = "UIFont+TTExt.h"; sourceTree = "<group>"; };
		11B3DFD51ED41875007050B3 /* UIFont+TTExt.m */ = {isa = PBXFileReference; fileEncoding = 4; lastKnownFileType = sourcecode.c.objc; path = "UIFont+TTExt.m"; sourceTree = "<group>"; };
		11B3DFD71ED41875007050B3 /* UIGestureRecognizer+TTExt.h */ = {isa = PBXFileReference; fileEncoding = 4; lastKnownFileType = sourcecode.c.h; path = "UIGestureRecognizer+TTExt.h"; sourceTree = "<group>"; };
		11B3DFD81ED41875007050B3 /* UIGestureRecognizer+TTExt.m */ = {isa = PBXFileReference; fileEncoding = 4; lastKnownFileType = sourcecode.c.objc; path = "UIGestureRecognizer+TTExt.m"; sourceTree = "<group>"; };
		11B3DFDA1ED41875007050B3 /* UIImage+TTExt.h */ = {isa = PBXFileReference; fileEncoding = 4; lastKnownFileType = sourcecode.c.h; path = "UIImage+TTExt.h"; sourceTree = "<group>"; };
		11B3DFDB1ED41875007050B3 /* UIImage+TTExt.m */ = {isa = PBXFileReference; fileEncoding = 4; lastKnownFileType = sourcecode.c.objc; path = "UIImage+TTExt.m"; sourceTree = "<group>"; };
		11B3DFDC1ED41875007050B3 /* UIImage+TTExt2Effect.h */ = {isa = PBXFileReference; fileEncoding = 4; lastKnownFileType = sourcecode.c.h; path = "UIImage+TTExt2Effect.h"; sourceTree = "<group>"; };
		11B3DFDD1ED41875007050B3 /* UIImage+TTExt2Effect.m */ = {isa = PBXFileReference; fileEncoding = 4; lastKnownFileType = sourcecode.c.objc; path = "UIImage+TTExt2Effect.m"; sourceTree = "<group>"; };
		11B3DFDF1ED41875007050B3 /* UIImageView+TTExt.h */ = {isa = PBXFileReference; fileEncoding = 4; lastKnownFileType = sourcecode.c.h; path = "UIImageView+TTExt.h"; sourceTree = "<group>"; };
		11B3DFE01ED41875007050B3 /* UIImageView+TTExt.m */ = {isa = PBXFileReference; fileEncoding = 4; lastKnownFileType = sourcecode.c.objc; path = "UIImageView+TTExt.m"; sourceTree = "<group>"; };
		11B3DFE21ED41875007050B3 /* UINavigationBar+TTExt2BGColor.h */ = {isa = PBXFileReference; fileEncoding = 4; lastKnownFileType = sourcecode.c.h; path = "UINavigationBar+TTExt2BGColor.h"; sourceTree = "<group>"; };
		11B3DFE31ED41875007050B3 /* UINavigationBar+TTExt2BGColor.m */ = {isa = PBXFileReference; fileEncoding = 4; lastKnownFileType = sourcecode.c.objc; path = "UINavigationBar+TTExt2BGColor.m"; sourceTree = "<group>"; };
		11B3DFE51ED41875007050B3 /* UINavigationController+TTExt.h */ = {isa = PBXFileReference; fileEncoding = 4; lastKnownFileType = sourcecode.c.h; path = "UINavigationController+TTExt.h"; sourceTree = "<group>"; };
		11B3DFE61ED41875007050B3 /* UINavigationController+TTExt.m */ = {isa = PBXFileReference; fileEncoding = 4; lastKnownFileType = sourcecode.c.objc; path = "UINavigationController+TTExt.m"; sourceTree = "<group>"; };
		11B3DFE81ED41875007050B3 /* UIScrollView+TTExt.h */ = {isa = PBXFileReference; fileEncoding = 4; lastKnownFileType = sourcecode.c.h; path = "UIScrollView+TTExt.h"; sourceTree = "<group>"; };
		11B3DFE91ED41875007050B3 /* UIScrollView+TTExt.m */ = {isa = PBXFileReference; fileEncoding = 4; lastKnownFileType = sourcecode.c.objc; path = "UIScrollView+TTExt.m"; sourceTree = "<group>"; };
		11B3DFEB1ED41875007050B3 /* UITableView+TTExt.h */ = {isa = PBXFileReference; fileEncoding = 4; lastKnownFileType = sourcecode.c.h; path = "UITableView+TTExt.h"; sourceTree = "<group>"; };
		11B3DFEC1ED41875007050B3 /* UITableView+TTExt.m */ = {isa = PBXFileReference; fileEncoding = 4; lastKnownFileType = sourcecode.c.objc; path = "UITableView+TTExt.m"; sourceTree = "<group>"; };
		11B3DFEE1ED41875007050B3 /* UITextField+TTExt.h */ = {isa = PBXFileReference; fileEncoding = 4; lastKnownFileType = sourcecode.c.h; path = "UITextField+TTExt.h"; sourceTree = "<group>"; };
		11B3DFEF1ED41875007050B3 /* UITextField+TTExt.m */ = {isa = PBXFileReference; fileEncoding = 4; lastKnownFileType = sourcecode.c.objc; path = "UITextField+TTExt.m"; sourceTree = "<group>"; };
		11B3DFF11ED41875007050B3 /* UITextView+TTExt.h */ = {isa = PBXFileReference; fileEncoding = 4; lastKnownFileType = sourcecode.c.h; path = "UITextView+TTExt.h"; sourceTree = "<group>"; };
		11B3DFF21ED41875007050B3 /* UITextView+TTExt.m */ = {isa = PBXFileReference; fileEncoding = 4; lastKnownFileType = sourcecode.c.objc; path = "UITextView+TTExt.m"; sourceTree = "<group>"; };
		11B3DFF41ED41875007050B3 /* UIView+TTExt.h */ = {isa = PBXFileReference; fileEncoding = 4; lastKnownFileType = sourcecode.c.h; path = "UIView+TTExt.h"; sourceTree = "<group>"; };
		11B3DFF51ED41875007050B3 /* UIView+TTExt.m */ = {isa = PBXFileReference; fileEncoding = 4; lastKnownFileType = sourcecode.c.objc; path = "UIView+TTExt.m"; sourceTree = "<group>"; };
		11B3DFF91ED41875007050B3 /* TT_Reachability.h */ = {isa = PBXFileReference; fileEncoding = 4; lastKnownFileType = sourcecode.c.h; path = TT_Reachability.h; sourceTree = "<group>"; };
		11B3DFFA1ED41875007050B3 /* TT_Reachability.m */ = {isa = PBXFileReference; fileEncoding = 4; lastKnownFileType = sourcecode.c.objc; path = TT_Reachability.m; sourceTree = "<group>"; };
		11B3E0001ED41875007050B3 /* BaseService.h */ = {isa = PBXFileReference; fileEncoding = 4; lastKnownFileType = sourcecode.c.h; path = BaseService.h; sourceTree = "<group>"; };
		11B3E0011ED41875007050B3 /* BaseService.m */ = {isa = PBXFileReference; fileEncoding = 4; lastKnownFileType = sourcecode.c.objc; path = BaseService.m; sourceTree = "<group>"; };
		11B3E0031ED41875007050B3 /* TTMediator.h */ = {isa = PBXFileReference; fileEncoding = 4; lastKnownFileType = sourcecode.c.h; path = TTMediator.h; sourceTree = "<group>"; };
		11B3E0041ED41875007050B3 /* TTMediator.m */ = {isa = PBXFileReference; fileEncoding = 4; lastKnownFileType = sourcecode.c.objc; path = TTMediator.m; sourceTree = "<group>"; };
		11B3E0051ED41875007050B3 /* UIViewController+TTExt2Parameter.h */ = {isa = PBXFileReference; fileEncoding = 4; lastKnownFileType = sourcecode.c.h; path = "UIViewController+TTExt2Parameter.h"; sourceTree = "<group>"; };
		11B3E0061ED41875007050B3 /* UIViewController+TTExt2Parameter.m */ = {isa = PBXFileReference; fileEncoding = 4; lastKnownFileType = sourcecode.c.objc; path = "UIViewController+TTExt2Parameter.m"; sourceTree = "<group>"; };
		11B3E00D1ED41875007050B3 /* TT_Define_App.h */ = {isa = PBXFileReference; fileEncoding = 4; lastKnownFileType = sourcecode.c.h; path = TT_Define_App.h; sourceTree = "<group>"; };
		11B3E00E1ED41875007050B3 /* TT_Define_Singleton.h */ = {isa = PBXFileReference; fileEncoding = 4; lastKnownFileType = sourcecode.c.h; path = TT_Define_Singleton.h; sourceTree = "<group>"; };
		11B3E0111ED41875007050B3 /* AppInfoUtil.h */ = {isa = PBXFileReference; fileEncoding = 4; lastKnownFileType = sourcecode.c.h; path = AppInfoUtil.h; sourceTree = "<group>"; };
		11B3E0121ED41875007050B3 /* AppInfoUtil.m */ = {isa = PBXFileReference; fileEncoding = 4; lastKnownFileType = sourcecode.c.objc; path = AppInfoUtil.m; sourceTree = "<group>"; };
		11B3E0151ED41875007050B3 /* TT_Utils_Header.h */ = {isa = PBXFileReference; fileEncoding = 4; lastKnownFileType = sourcecode.c.h; path = TT_Utils_Header.h; sourceTree = "<group>"; };
		11B3E0171ED41875007050B3 /* TTAlertUtil.h */ = {isa = PBXFileReference; fileEncoding = 4; lastKnownFileType = sourcecode.c.h; path = TTAlertUtil.h; sourceTree = "<group>"; };
		11B3E0181ED41875007050B3 /* TTAlertUtil.m */ = {isa = PBXFileReference; fileEncoding = 4; lastKnownFileType = sourcecode.c.objc; path = TTAlertUtil.m; sourceTree = "<group>"; };
		11B3E0241ED41875007050B3 /* TTProgressHUD.h */ = {isa = PBXFileReference; fileEncoding = 4; lastKnownFileType = sourcecode.c.h; path = TTProgressHUD.h; sourceTree = "<group>"; };
		11B3E0251ED41875007050B3 /* TTProgressHUD.m */ = {isa = PBXFileReference; fileEncoding = 4; lastKnownFileType = sourcecode.c.objc; path = TTProgressHUD.m; sourceTree = "<group>"; };
		11B3E0271ED41875007050B3 /* TTQRCodeUtil.h */ = {isa = PBXFileReference; fileEncoding = 4; lastKnownFileType = sourcecode.c.h; path = TTQRCodeUtil.h; sourceTree = "<group>"; };
		11B3E0281ED41875007050B3 /* TTQRCodeUtil.m */ = {isa = PBXFileReference; fileEncoding = 4; lastKnownFileType = sourcecode.c.objc; path = TTQRCodeUtil.m; sourceTree = "<group>"; };
		11B3E02A1ED41875007050B3 /* TTDataSource.h */ = {isa = PBXFileReference; fileEncoding = 4; lastKnownFileType = sourcecode.c.h; path = TTDataSource.h; sourceTree = "<group>"; };
		11B3E02B1ED41875007050B3 /* TTDataSource.m */ = {isa = PBXFileReference; fileEncoding = 4; lastKnownFileType = sourcecode.c.objc; path = TTDataSource.m; sourceTree = "<group>"; };
		11B3E02D1ED41875007050B3 /* UserInfoUtil.h */ = {isa = PBXFileReference; fileEncoding = 4; lastKnownFileType = sourcecode.c.h; path = UserInfoUtil.h; sourceTree = "<group>"; };
		11B3E02E1ED41875007050B3 /* UserInfoUtil.m */ = {isa = PBXFileReference; fileEncoding = 4; lastKnownFileType = sourcecode.c.objc; path = UserInfoUtil.m; sourceTree = "<group>"; };
		11B3E0B31ED4189E007050B3 /* libsqlite3.tbd */ = {isa = PBXFileReference; lastKnownFileType = "sourcecode.text-based-dylib-definition"; name = libsqlite3.tbd; path = usr/lib/libsqlite3.tbd; sourceTree = SDKROOT; };
		11C0BEAF1F050B38004FC175 /* TTQRCodeScan.h */ = {isa = PBXFileReference; fileEncoding = 4; lastKnownFileType = sourcecode.c.h; path = TTQRCodeScan.h; sourceTree = "<group>"; };
		11C0BEB01F050B38004FC175 /* TTQRCodeScan.m */ = {isa = PBXFileReference; fileEncoding = 4; lastKnownFileType = sourcecode.c.objc; path = TTQRCodeScan.m; sourceTree = "<group>"; };
		11C0BEB11F050B38004FC175 /* TTScanBoxLine.h */ = {isa = PBXFileReference; fileEncoding = 4; lastKnownFileType = sourcecode.c.h; path = TTScanBoxLine.h; sourceTree = "<group>"; };
		11C0BEB21F050B38004FC175 /* TTScanBoxLine.m */ = {isa = PBXFileReference; fileEncoding = 4; lastKnownFileType = sourcecode.c.objc; path = TTScanBoxLine.m; sourceTree = "<group>"; };
		11F57C361F4D338C0056E34F /* UILabel+TTExt.h */ = {isa = PBXFileReference; fileEncoding = 4; lastKnownFileType = sourcecode.c.h; path = "UILabel+TTExt.h"; sourceTree = "<group>"; };
		11F57C371F4D338C0056E34F /* UILabel+TTExt.m */ = {isa = PBXFileReference; fileEncoding = 4; lastKnownFileType = sourcecode.c.objc; path = "UILabel+TTExt.m"; sourceTree = "<group>"; };
		2F219564B131C281410E0647 /* libPods-TQKit.a */ = {isa = PBXFileReference; explicitFileType = archive.ar; includeInIndex = 0; path = "libPods-TQKit.a"; sourceTree = BUILT_PRODUCTS_DIR; };
		323FE7B1215FD70A8097A948 /* Pods-TQKit.release.xcconfig */ = {isa = PBXFileReference; includeInIndex = 1; lastKnownFileType = text.xcconfig; name = "Pods-TQKit.release.xcconfig"; path = "Pods/Target Support Files/Pods-TQKit/Pods-TQKit.release.xcconfig"; sourceTree = "<group>"; };
		EBB453E85DC588FEC04266AB /* Pods-TQKit.debug.xcconfig */ = {isa = PBXFileReference; includeInIndex = 1; lastKnownFileType = text.xcconfig; name = "Pods-TQKit.debug.xcconfig"; path = "Pods/Target Support Files/Pods-TQKit/Pods-TQKit.debug.xcconfig"; sourceTree = "<group>"; };
/* End PBXFileReference section */

/* Begin PBXFrameworksBuildPhase section */
		11B3DF6A1ED41827007050B3 /* Frameworks */ = {
			isa = PBXFrameworksBuildPhase;
			buildActionMask = 2147483647;
			files = (
				118A68291EE7861A00DFCC13 /* libz.tbd in Frameworks */,
				11B3E0B41ED4189E007050B3 /* libsqlite3.tbd in Frameworks */,
				5217815662B12875C00B7D72 /* libPods-TQKit.a in Frameworks */,
			);
			runOnlyForDeploymentPostprocessing = 0;
		};
/* End PBXFrameworksBuildPhase section */

/* Begin PBXGroup section */
		1155BF5C1EEE893F007B09BF /* YYUtils */ = {
			isa = PBXGroup;
			children = (
				1155BF5D1EEE8940007B09BF /* YYCGUtilities.h */,
				1155BF5E1EEE8940007B09BF /* YYCGUtilities.m */,
			);
			path = YYUtils;
			sourceTree = "<group>";
		};
		115626D01F21E87B00D5A8E0 /* UIViewController */ = {
			isa = PBXGroup;
			children = (
				115626D51F21E9B000D5A8E0 /* UIViewController+TTExt2Back.h */,
				115626D61F21E9B000D5A8E0 /* UIViewController+TTExt2Back.m */,
			);
			path = UIViewController;
			sourceTree = "<group>";
		};
		117335A41F0118B7003919D3 /* Constants */ = {
			isa = PBXGroup;
			children = (
				117335A91F0118FD003919D3 /* TTConstants.h */,
				117335AA1F0118FD003919D3 /* TTConstants.m */,
			);
			path = Constants;
			sourceTree = "<group>";
		};
		117335B91F01F574003919D3 /* Actions */ = {
			isa = PBXGroup;
			children = (
				117335BA1F01F574003919D3 /* AFURLSessionManager+TTDownload.h */,
				117335BB1F01F574003919D3 /* AFURLSessionManager+TTDownload.m */,
				117335BC1F01F574003919D3 /* TTAPIClient.h */,
				117335BD1F01F574003919D3 /* TTAPIClient.m */,
				117335BE1F01F574003919D3 /* TTFileAction.h */,
				117335BF1F01F574003919D3 /* TTFileAction.m */,
				117335C01F01F574003919D3 /* TTHttpAction.h */,
				117335C11F01F574003919D3 /* TTHttpAction.m */,
			);
			path = Actions;
			sourceTree = "<group>";
		};
		11829F6D1F024F2C002F4F7E /* Component */ = {
			isa = PBXGroup;
			children = (
				11829F6E1F024F2C002F4F7E /* TTBanner */,
				11C0BEA61F050719004FC175 /* TTQRCodeScan */,
				11829F7F1F025B07002F4F7E /* TT_ComponetHeader.h */,
			);
			path = Component;
			sourceTree = "<group>";
		};
		11829F6E1F024F2C002F4F7E /* TTBanner */ = {
			isa = PBXGroup;
			children = (
				11829F6F1F024F2C002F4F7E /* Doc */,
				11829F701F024F2C002F4F7E /* TTBanner_arrow@2x.png */,
				11829F711F024F2C002F4F7E /* TTBannerCell.h */,
				11829F721F024F2C002F4F7E /* TTBannerCell.m */,
				11829F731F024F2C002F4F7E /* TTBannerFooter.h */,
				11829F741F024F2C002F4F7E /* TTBannerFooter.m */,
				11829F751F024F2C002F4F7E /* TTBannerView.h */,
				11829F761F024F2C002F4F7E /* TTBannerView.m */,
			);
			path = TTBanner;
			sourceTree = "<group>";
		};
		118A68231EE7836C00DFCC13 /* NSData */ = {
			isa = PBXGroup;
			children = (
				118A68241EE7838300DFCC13 /* NSData+TTExt.h */,
				118A68251EE7838300DFCC13 /* NSData+TTExt.m */,
			);
			path = NSData;
			sourceTree = "<group>";
		};
		11B3DF641ED41827007050B3 = {
			isa = PBXGroup;
			children = (
				11B3DF701ED41827007050B3 /* TQKit */,
				11B3DF6F1ED41827007050B3 /* Products */,
				11B3E0B21ED4189E007050B3 /* Frameworks */,
				6812DCCE510A14CDD6E25465 /* Pods */,
			);
			sourceTree = "<group>";
		};
		11B3DF6F1ED41827007050B3 /* Products */ = {
			isa = PBXGroup;
			children = (
				11B3DF6E1ED41827007050B3 /* TQKit.framework */,
			);
			name = Products;
			sourceTree = "<group>";
		};
		11B3DF701ED41827007050B3 /* TQKit */ = {
			isa = PBXGroup;
			children = (
				11B3DF961ED41875007050B3 /* Category */,
				11B3DFF61ED41875007050B3 /* Core */,
				11B3E00C1ED41875007050B3 /* Macros */,
				11B3E00F1ED41875007050B3 /* Utils */,
				11829F6D1F024F2C002F4F7E /* Component */,
				11B3DF711ED41827007050B3 /* TQKit.h */,
				11B3DF721ED41827007050B3 /* Info.plist */,
			);
			path = TQKit;
			sourceTree = "<group>";
		};
		11B3DF961ED41875007050B3 /* Category */ = {
			isa = PBXGroup;
			children = (
				1155BF5A1EEE7F2A007B09BF /* YYCategoriesMacro.h */,
				11B3DFB71ED41875007050B3 /* TT_CategoryHeader.h */,
				11B3DF971ED41875007050B3 /* Foundation */,
				11B3DFB41ED41875007050B3 /* Quartz */,
				11B3DFB81ED41875007050B3 /* UIKit */,
				1155BF5C1EEE893F007B09BF /* YYUtils */,
			);
			path = Category;
			sourceTree = "<group>";
		};
		11B3DF971ED41875007050B3 /* Foundation */ = {
			isa = PBXGroup;
			children = (
				118A68231EE7836C00DFCC13 /* NSData */,
				11B3DF981ED41875007050B3 /* NSDate */,
				11B3DF9D1ED41875007050B3 /* NSDictionary */,
				11B3DFA21ED41875007050B3 /* NSNumber */,
				11B3DFA51ED41875007050B3 /* NSObject */,
				11B3DFA81ED41875007050B3 /* NSString */,
				11B3DFAD1ED41875007050B3 /* NSTimer */,
				11B3DFB01ED41875007050B3 /* NSUserDefaults */,
				11B3DFB31ED41875007050B3 /* TT_FoundationHeader.h */,
			);
			path = Foundation;
			sourceTree = "<group>";
		};
		11B3DF981ED41875007050B3 /* NSDate */ = {
			isa = PBXGroup;
			children = (
				11B3DF991ED41875007050B3 /* NSDate+TTExt.h */,
				11B3DF9A1ED41875007050B3 /* NSDate+TTExt.m */,
				11B3DF9B1ED41875007050B3 /* NSDate+TTExt2Format.h */,
				11B3DF9C1ED41875007050B3 /* NSDate+TTExt2Format.m */,
				119369551F09E449003285E2 /* NSDate+TTExt2InternetDate.h */,
				119369561F09E449003285E2 /* NSDate+TTExt2InternetDate.m */,
			);
			path = NSDate;
			sourceTree = "<group>";
		};
		11B3DF9D1ED41875007050B3 /* NSDictionary */ = {
			isa = PBXGroup;
			children = (
				11B3DF9E1ED41875007050B3 /* NSDictionary+TTExt.h */,
				11B3DF9F1ED41875007050B3 /* NSDictionary+TTExt.m */,
				11B3DFA01ED41875007050B3 /* NSDictionary+TTExt2UrlParam.h */,
				11B3DFA11ED41875007050B3 /* NSDictionary+TTExt2UrlParam.m */,
			);
			path = NSDictionary;
			sourceTree = "<group>";
		};
		11B3DFA21ED41875007050B3 /* NSNumber */ = {
			isa = PBXGroup;
			children = (
				11B3DFA31ED41875007050B3 /* NSNumber+TTExt.h */,
				11B3DFA41ED41875007050B3 /* NSNumber+TTExt.m */,
			);
			path = NSNumber;
			sourceTree = "<group>";
		};
		11B3DFA51ED41875007050B3 /* NSObject */ = {
			isa = PBXGroup;
			children = (
				11B3DFA61ED41875007050B3 /* NSObject+TTExt.h */,
				11B3DFA71ED41875007050B3 /* NSObject+TTExt.m */,
			);
			path = NSObject;
			sourceTree = "<group>";
		};
		11B3DFA81ED41875007050B3 /* NSString */ = {
			isa = PBXGroup;
			children = (
				11B3DFA91ED41875007050B3 /* NSString+TTExt.h */,
				11B3DFAA1ED41875007050B3 /* NSString+TTExt.m */,
				11B3DFAB1ED41875007050B3 /* NSString+TTExt2Frame.h */,
				11B3DFAC1ED41875007050B3 /* NSString+TTExt2Frame.m */,
				118A682A1EE7868600DFCC13 /* NSString+TTExt2Hash.h */,
				118A682B1EE7868600DFCC13 /* NSString+TTExt2Hash.m */,
				117D11171EF8B83100303F8D /* NSString+TTExt2Vertify.h */,
				117D11181EF8B83100303F8D /* NSString+TTExt2Vertify.m */,
			);
			path = NSString;
			sourceTree = "<group>";
		};
		11B3DFAD1ED41875007050B3 /* NSTimer */ = {
			isa = PBXGroup;
			children = (
				11B3DFAE1ED41875007050B3 /* NSTimer+TTExt.h */,
				11B3DFAF1ED41875007050B3 /* NSTimer+TTExt.m */,
			);
			path = NSTimer;
			sourceTree = "<group>";
		};
		11B3DFB01ED41875007050B3 /* NSUserDefaults */ = {
			isa = PBXGroup;
			children = (
				11B3DFB11ED41875007050B3 /* NSUserDefaults+TTExt.h */,
				11B3DFB21ED41875007050B3 /* NSUserDefaults+TTExt.m */,
			);
			path = NSUserDefaults;
			sourceTree = "<group>";
		};
		11B3DFB41ED41875007050B3 /* Quartz */ = {
			isa = PBXGroup;
			children = (
				11B3DFB51ED41875007050B3 /* CALayer+TTExt.h */,
				11B3DFB61ED41875007050B3 /* CALayer+TTExt.m */,
			);
			path = Quartz;
			sourceTree = "<group>";
		};
		11B3DFB81ED41875007050B3 /* UIKit */ = {
			isa = PBXGroup;
			children = (
				11B3DFB91ED41875007050B3 /* TT_UIKitHeader.h */,
				11B3DFBA1ED41875007050B3 /* UIApplication */,
				11B3DFBD1ED41875007050B3 /* UIBarButtonItem */,
				11B3DFC01ED41875007050B3 /* UIBezierPath */,
				11B3DFC31ED41875007050B3 /* UIButton */,
				11B3DFCA1ED41875007050B3 /* UIColor */,
				11B3DFCD1ED41875007050B3 /* UIControl */,
				11B3DFD01ED41875007050B3 /* UIDevice */,
				11B3DFD31ED41875007050B3 /* UIFont */,
				11B3DFD61ED41875007050B3 /* UIGesture */,
				11B3DFD91ED41875007050B3 /* UIImage */,
				11B3DFDE1ED41875007050B3 /* UIImageView */,
				11B3DFE11ED41875007050B3 /* UINavigationBar */,
				11B3DFE41ED41875007050B3 /* UINavigationController */,
				11B3DFE71ED41875007050B3 /* UIScrollView */,
				11B3DFEA1ED41875007050B3 /* UITableView */,
				11B3DFED1ED41875007050B3 /* UITextField */,
				11B3DFF01ED41875007050B3 /* UITextView */,
				11B3DFF31ED41875007050B3 /* UIView */,
				115626D01F21E87B00D5A8E0 /* UIViewController */,
				11F57C351F4D336E0056E34F /* UILabel */,
			);
			path = UIKit;
			sourceTree = "<group>";
		};
		11B3DFBA1ED41875007050B3 /* UIApplication */ = {
			isa = PBXGroup;
			children = (
				11B3DFBB1ED41875007050B3 /* UIApplication+TTExt.h */,
				11B3DFBC1ED41875007050B3 /* UIApplication+TTExt.m */,
			);
			path = UIApplication;
			sourceTree = "<group>";
		};
		11B3DFBD1ED41875007050B3 /* UIBarButtonItem */ = {
			isa = PBXGroup;
			children = (
				11B3DFBE1ED41875007050B3 /* UIBarButtonItem+TTExt.h */,
				11B3DFBF1ED41875007050B3 /* UIBarButtonItem+TTExt.m */,
			);
			path = UIBarButtonItem;
			sourceTree = "<group>";
		};
		11B3DFC01ED41875007050B3 /* UIBezierPath */ = {
			isa = PBXGroup;
			children = (
				11B3DFC11ED41875007050B3 /* UIBezierPath+TTExt.h */,
				11B3DFC21ED41875007050B3 /* UIBezierPath+TTExt.m */,
			);
			path = UIBezierPath;
			sourceTree = "<group>";
		};
		11B3DFC31ED41875007050B3 /* UIButton */ = {
			isa = PBXGroup;
			children = (
				11B3DFC41ED41875007050B3 /* UIButton+TTExt.h */,
				11B3DFC51ED41875007050B3 /* UIButton+TTExt.m */,
				11B3DFC61ED41875007050B3 /* UIButton+TTExt2CountDown.h */,
				11B3DFC71ED41875007050B3 /* UIButton+TTExt2CountDown.m */,
				11B3DFC81ED41875007050B3 /* UIButton+TTExt2ImagePosition.h */,
				11B3DFC91ED41875007050B3 /* UIButton+TTExt2ImagePosition.m */,
				11818BE41F2ED9DD0067A062 /* UIButton+TTExt2Layer.h */,
				11818BE51F2ED9DD0067A062 /* UIButton+TTExt2Layer.m */,
			);
			path = UIButton;
			sourceTree = "<group>";
		};
		11B3DFCA1ED41875007050B3 /* UIColor */ = {
			isa = PBXGroup;
			children = (
				11B3DFCB1ED41875007050B3 /* UIColor+TTExt.h */,
				11B3DFCC1ED41875007050B3 /* UIColor+TTExt.m */,
			);
			path = UIColor;
			sourceTree = "<group>";
		};
		11B3DFCD1ED41875007050B3 /* UIControl */ = {
			isa = PBXGroup;
			children = (
				11B3DFCE1ED41875007050B3 /* UIControl+TTExt.h */,
				11B3DFCF1ED41875007050B3 /* UIControl+TTExt.m */,
			);
			path = UIControl;
			sourceTree = "<group>";
		};
		11B3DFD01ED41875007050B3 /* UIDevice */ = {
			isa = PBXGroup;
			children = (
				11B3DFD11ED41875007050B3 /* UIDevice+TTExt.h */,
				11B3DFD21ED41875007050B3 /* UIDevice+TTExt.m */,
			);
			path = UIDevice;
			sourceTree = "<group>";
		};
		11B3DFD31ED41875007050B3 /* UIFont */ = {
			isa = PBXGroup;
			children = (
				11B3DFD41ED41875007050B3 /* UIFont+TTExt.h */,
				11B3DFD51ED41875007050B3 /* UIFont+TTExt.m */,
			);
			path = UIFont;
			sourceTree = "<group>";
		};
		11B3DFD61ED41875007050B3 /* UIGesture */ = {
			isa = PBXGroup;
			children = (
				11B3DFD71ED41875007050B3 /* UIGestureRecognizer+TTExt.h */,
				11B3DFD81ED41875007050B3 /* UIGestureRecognizer+TTExt.m */,
			);
			path = UIGesture;
			sourceTree = "<group>";
		};
		11B3DFD91ED41875007050B3 /* UIImage */ = {
			isa = PBXGroup;
			children = (
				11B3DFDA1ED41875007050B3 /* UIImage+TTExt.h */,
				11B3DFDB1ED41875007050B3 /* UIImage+TTExt.m */,
				11B3DFDC1ED41875007050B3 /* UIImage+TTExt2Effect.h */,
				11B3DFDD1ED41875007050B3 /* UIImage+TTExt2Effect.m */,
			);
			path = UIImage;
			sourceTree = "<group>";
		};
		11B3DFDE1ED41875007050B3 /* UIImageView */ = {
			isa = PBXGroup;
			children = (
				11B3DFDF1ED41875007050B3 /* UIImageView+TTExt.h */,
				11B3DFE01ED41875007050B3 /* UIImageView+TTExt.m */,
			);
			path = UIImageView;
			sourceTree = "<group>";
		};
		11B3DFE11ED41875007050B3 /* UINavigationBar */ = {
			isa = PBXGroup;
			children = (
				11B3DFE21ED41875007050B3 /* UINavigationBar+TTExt2BGColor.h */,
				11B3DFE31ED41875007050B3 /* UINavigationBar+TTExt2BGColor.m */,
			);
			path = UINavigationBar;
			sourceTree = "<group>";
		};
		11B3DFE41ED41875007050B3 /* UINavigationController */ = {
			isa = PBXGroup;
			children = (
				11B3DFE51ED41875007050B3 /* UINavigationController+TTExt.h */,
				11B3DFE61ED41875007050B3 /* UINavigationController+TTExt.m */,
			);
			path = UINavigationController;
			sourceTree = "<group>";
		};
		11B3DFE71ED41875007050B3 /* UIScrollView */ = {
			isa = PBXGroup;
			children = (
				11B3DFE81ED41875007050B3 /* UIScrollView+TTExt.h */,
				11B3DFE91ED41875007050B3 /* UIScrollView+TTExt.m */,
			);
			path = UIScrollView;
			sourceTree = "<group>";
		};
		11B3DFEA1ED41875007050B3 /* UITableView */ = {
			isa = PBXGroup;
			children = (
				11B3DFEB1ED41875007050B3 /* UITableView+TTExt.h */,
				11B3DFEC1ED41875007050B3 /* UITableView+TTExt.m */,
			);
			path = UITableView;
			sourceTree = "<group>";
		};
		11B3DFED1ED41875007050B3 /* UITextField */ = {
			isa = PBXGroup;
			children = (
				11B3DFEE1ED41875007050B3 /* UITextField+TTExt.h */,
				11B3DFEF1ED41875007050B3 /* UITextField+TTExt.m */,
			);
			path = UITextField;
			sourceTree = "<group>";
		};
		11B3DFF01ED41875007050B3 /* UITextView */ = {
			isa = PBXGroup;
			children = (
				11B3DFF11ED41875007050B3 /* UITextView+TTExt.h */,
				11B3DFF21ED41875007050B3 /* UITextView+TTExt.m */,
			);
			path = UITextView;
			sourceTree = "<group>";
		};
		11B3DFF31ED41875007050B3 /* UIView */ = {
			isa = PBXGroup;
			children = (
				11B3DFF41ED41875007050B3 /* UIView+TTExt.h */,
				11B3DFF51ED41875007050B3 /* UIView+TTExt.m */,
				1187DA6E1F372A7C00FFD506 /* UIView+TTExt2TouchArea.h */,
				1187DA6F1F372A7C00FFD506 /* UIView+TTExt2TouchArea.m */,
			);
			path = UIView;
			sourceTree = "<group>";
		};
		11B3DFF61ED41875007050B3 /* Core */ = {
			isa = PBXGroup;
			children = (
				11B3DFF71ED41875007050B3 /* Action */,
				11B3DFFF1ED41875007050B3 /* Service */,
				11B3E0021ED41875007050B3 /* TTMediator */,
				11B3E0071ED41875007050B3 /* ViewController */,
			);
			path = Core;
			sourceTree = "<group>";
		};
		11B3DFF71ED41875007050B3 /* Action */ = {
			isa = PBXGroup;
			children = (
				117335B91F01F574003919D3 /* Actions */,
				117335A41F0118B7003919D3 /* Constants */,
				11B3DFF81ED41875007050B3 /* Reachability */,
			);
			path = Action;
			sourceTree = "<group>";
		};
		11B3DFF81ED41875007050B3 /* Reachability */ = {
			isa = PBXGroup;
			children = (
				11B3DFF91ED41875007050B3 /* TT_Reachability.h */,
				11B3DFFA1ED41875007050B3 /* TT_Reachability.m */,
			);
			path = Reachability;
			sourceTree = "<group>";
		};
		11B3DFFF1ED41875007050B3 /* Service */ = {
			isa = PBXGroup;
			children = (
				11B3E0001ED41875007050B3 /* BaseService.h */,
				11B3E0011ED41875007050B3 /* BaseService.m */,
			);
			path = Service;
			sourceTree = "<group>";
		};
		11B3E0021ED41875007050B3 /* TTMediator */ = {
			isa = PBXGroup;
			children = (
				11B3E0031ED41875007050B3 /* TTMediator.h */,
				11B3E0041ED41875007050B3 /* TTMediator.m */,
				11B3E0051ED41875007050B3 /* UIViewController+TTExt2Parameter.h */,
				11B3E0061ED41875007050B3 /* UIViewController+TTExt2Parameter.m */,
			);
			path = TTMediator;
			sourceTree = "<group>";
		};
		11B3E0071ED41875007050B3 /* ViewController */ = {
			isa = PBXGroup;
			children = (
			);
			path = ViewController;
			sourceTree = "<group>";
		};
		11B3E00C1ED41875007050B3 /* Macros */ = {
			isa = PBXGroup;
			children = (
				11B3E00D1ED41875007050B3 /* TT_Define_App.h */,
				11B3E00E1ED41875007050B3 /* TT_Define_Singleton.h */,
			);
			path = Macros;
			sourceTree = "<group>";
		};
		11B3E00F1ED41875007050B3 /* Utils */ = {
			isa = PBXGroup;
			children = (
				11B3E0151ED41875007050B3 /* TT_Utils_Header.h */,
				11B3E0101ED41875007050B3 /* AppInfoUtil */,
				11B3E0161ED41875007050B3 /* TTAlertUtil */,
				11B3E0191ED41875007050B3 /* TTProgressHUD */,
				11B3E0261ED41875007050B3 /* TTQRCodeUtil */,
				11B3E0291ED41875007050B3 /* TTTableViewUtil */,
				11B3E02C1ED41875007050B3 /* UserInfoUtil */,
			);
			path = Utils;
			sourceTree = "<group>";
		};
		11B3E0101ED41875007050B3 /* AppInfoUtil */ = {
			isa = PBXGroup;
			children = (
				11B3E0111ED41875007050B3 /* AppInfoUtil.h */,
				11B3E0121ED41875007050B3 /* AppInfoUtil.m */,
			);
			path = AppInfoUtil;
			sourceTree = "<group>";
		};
		11B3E0161ED41875007050B3 /* TTAlertUtil */ = {
			isa = PBXGroup;
			children = (
				11B3E0171ED41875007050B3 /* TTAlertUtil.h */,
				11B3E0181ED41875007050B3 /* TTAlertUtil.m */,
			);
			path = TTAlertUtil;
			sourceTree = "<group>";
		};
		11B3E0191ED41875007050B3 /* TTProgressHUD */ = {
			isa = PBXGroup;
			children = (
				11B3E0241ED41875007050B3 /* TTProgressHUD.h */,
				11B3E0251ED41875007050B3 /* TTProgressHUD.m */,
			);
			path = TTProgressHUD;
			sourceTree = "<group>";
		};
		11B3E0261ED41875007050B3 /* TTQRCodeUtil */ = {
			isa = PBXGroup;
			children = (
				11B3E0271ED41875007050B3 /* TTQRCodeUtil.h */,
				11B3E0281ED41875007050B3 /* TTQRCodeUtil.m */,
			);
			path = TTQRCodeUtil;
			sourceTree = "<group>";
		};
		11B3E0291ED41875007050B3 /* TTTableViewUtil */ = {
			isa = PBXGroup;
			children = (
				11B3E02A1ED41875007050B3 /* TTDataSource.h */,
				11B3E02B1ED41875007050B3 /* TTDataSource.m */,
			);
			path = TTTableViewUtil;
			sourceTree = "<group>";
		};
		11B3E02C1ED41875007050B3 /* UserInfoUtil */ = {
			isa = PBXGroup;
			children = (
				11B3E02D1ED41875007050B3 /* UserInfoUtil.h */,
				11B3E02E1ED41875007050B3 /* UserInfoUtil.m */,
			);
			path = UserInfoUtil;
			sourceTree = "<group>";
		};
		11B3E0B21ED4189E007050B3 /* Frameworks */ = {
			isa = PBXGroup;
			children = (
				118A68281EE7861A00DFCC13 /* libz.tbd */,
				11B3E0B31ED4189E007050B3 /* libsqlite3.tbd */,
				2F219564B131C281410E0647 /* libPods-TQKit.a */,
			);
			name = Frameworks;
			sourceTree = "<group>";
		};
		11C0BEA61F050719004FC175 /* TTQRCodeScan */ = {
			isa = PBXGroup;
			children = (
				11C0BEAF1F050B38004FC175 /* TTQRCodeScan.h */,
				11C0BEB01F050B38004FC175 /* TTQRCodeScan.m */,
				11C0BEB11F050B38004FC175 /* TTScanBoxLine.h */,
				11C0BEB21F050B38004FC175 /* TTScanBoxLine.m */,
			);
			path = TTQRCodeScan;
			sourceTree = "<group>";
		};
		11F57C351F4D336E0056E34F /* UILabel */ = {
			isa = PBXGroup;
			children = (
				11F57C361F4D338C0056E34F /* UILabel+TTExt.h */,
				11F57C371F4D338C0056E34F /* UILabel+TTExt.m */,
			);
			path = UILabel;
			sourceTree = "<group>";
		};
		6812DCCE510A14CDD6E25465 /* Pods */ = {
			isa = PBXGroup;
			children = (
				EBB453E85DC588FEC04266AB /* Pods-TQKit.debug.xcconfig */,
				323FE7B1215FD70A8097A948 /* Pods-TQKit.release.xcconfig */,
			);
			name = Pods;
			sourceTree = "<group>";
		};
/* End PBXGroup section */

/* Begin PBXHeadersBuildPhase section */
		11B3DF6B1ED41827007050B3 /* Headers */ = {
			isa = PBXHeadersBuildPhase;
			buildActionMask = 2147483647;
			files = (
				11B3E07C1ED41875007050B3 /* UINavigationBar+TTExt2BGColor.h in Headers */,
				1187DA701F372A7C00FFD506 /* UIView+TTExt2TouchArea.h in Headers */,
				119369571F09E449003285E2 /* NSDate+TTExt2InternetDate.h in Headers */,
				115626D71F21E9B000D5A8E0 /* UIViewController+TTExt2Back.h in Headers */,
				11B3E09C1ED41875007050B3 /* AppInfoUtil.h in Headers */,
				11B3E0551ED41875007050B3 /* NSString+TTExt2Frame.h in Headers */,
				11818BE61F2ED9DD0067A062 /* UIButton+TTExt2Layer.h in Headers */,
				11B3E0881ED41875007050B3 /* UIView+TTExt.h in Headers */,
				11B3E0721ED41875007050B3 /* UIFont+TTExt.h in Headers */,
				11B3E0741ED41875007050B3 /* UIGestureRecognizer+TTExt.h in Headers */,
				11B3E0AC1ED41875007050B3 /* TTQRCodeUtil.h in Headers */,
				11B3E0821ED41875007050B3 /* UITableView+TTExt.h in Headers */,
				11B3E07E1ED41875007050B3 /* UINavigationController+TTExt.h in Headers */,
				11B3E0AE1ED41875007050B3 /* TTDataSource.h in Headers */,
				11B3E0511ED41875007050B3 /* NSObject+TTExt.h in Headers */,
				11B3E09F1ED41875007050B3 /* TTAlertUtil.h in Headers */,
				117335C21F01F574003919D3 /* AFURLSessionManager+TTDownload.h in Headers */,
				11B3E0701ED41875007050B3 /* UIDevice+TTExt.h in Headers */,
				11B3E0661ED41875007050B3 /* UIButton+TTExt.h in Headers */,
				11B3E0841ED41875007050B3 /* UITextField+TTExt.h in Headers */,
				1155BF5B1EEE7F2A007B09BF /* YYCategoriesMacro.h in Headers */,
				11B3E05F1ED41875007050B3 /* TT_UIKitHeader.h in Headers */,
				117D11191EF8B83100303F8D /* NSString+TTExt2Vertify.h in Headers */,
				11B3E05E1ED41875007050B3 /* TT_CategoryHeader.h in Headers */,
				11B3E0901ED41875007050B3 /* BaseService.h in Headers */,
				11B3E0681ED41875007050B3 /* UIButton+TTExt2CountDown.h in Headers */,
				11B3E0531ED41875007050B3 /* NSString+TTExt.h in Headers */,
				11B3E0601ED41875007050B3 /* UIApplication+TTExt.h in Headers */,
				11B3E07A1ED41875007050B3 /* UIImageView+TTExt.h in Headers */,
				11B3E0801ED41875007050B3 /* UIScrollView+TTExt.h in Headers */,
				11B3E05C1ED41875007050B3 /* CALayer+TTExt.h in Headers */,
				11B3E0B01ED41875007050B3 /* UserInfoUtil.h in Headers */,
				11B3E0591ED41875007050B3 /* NSUserDefaults+TTExt.h in Headers */,
				118A682C1EE7868600DFCC13 /* NSString+TTExt2Hash.h in Headers */,
				11B3E0861ED41875007050B3 /* UITextView+TTExt.h in Headers */,
				11B3E08A1ED41875007050B3 /* TT_Reachability.h in Headers */,
				117335C61F01F574003919D3 /* TTFileAction.h in Headers */,
				11B3E06E1ED41875007050B3 /* UIControl+TTExt.h in Headers */,
				11B3E06A1ED41875007050B3 /* UIButton+TTExt2ImagePosition.h in Headers */,
				11B3E0AA1ED41875007050B3 /* TTProgressHUD.h in Headers */,
				118A68261EE7838300DFCC13 /* NSData+TTExt.h in Headers */,
				117335C81F01F574003919D3 /* TTHttpAction.h in Headers */,
				11829F791F024F2C002F4F7E /* TTBannerCell.h in Headers */,
				11B3E0491ED41875007050B3 /* NSDate+TTExt2Format.h in Headers */,
				11B3E0641ED41875007050B3 /* UIBezierPath+TTExt.h in Headers */,
				11829F7B1F024F2C002F4F7E /* TTBannerFooter.h in Headers */,
				11B3E0471ED41875007050B3 /* NSDate+TTExt.h in Headers */,
				11829F7D1F024F2C002F4F7E /* TTBannerView.h in Headers */,
				11829F801F025B07002F4F7E /* TT_ComponetHeader.h in Headers */,
				11B3E09B1ED41875007050B3 /* TT_Define_Singleton.h in Headers */,
				117335AB1F0118FD003919D3 /* TTConstants.h in Headers */,
				11C0BEB31F050B38004FC175 /* TTQRCodeScan.h in Headers */,
				11B3E0921ED41875007050B3 /* TTMediator.h in Headers */,
				11B3E04F1ED41875007050B3 /* NSNumber+TTExt.h in Headers */,
				11B3E0571ED41875007050B3 /* NSTimer+TTExt.h in Headers */,
				11B3E0621ED41875007050B3 /* UIBarButtonItem+TTExt.h in Headers */,
				11B3E09A1ED41875007050B3 /* TT_Define_App.h in Headers */,
				11F57C381F4D338C0056E34F /* UILabel+TTExt.h in Headers */,
				11C0BEB51F050B38004FC175 /* TTScanBoxLine.h in Headers */,
				11B3E04B1ED41875007050B3 /* NSDictionary+TTExt.h in Headers */,
				11B3E04D1ED41875007050B3 /* NSDictionary+TTExt2UrlParam.h in Headers */,
				11B3E0781ED41875007050B3 /* UIImage+TTExt2Effect.h in Headers */,
				11B3E0761ED41875007050B3 /* UIImage+TTExt.h in Headers */,
				11B3E06C1ED41875007050B3 /* UIColor+TTExt.h in Headers */,
				117335C41F01F574003919D3 /* TTAPIClient.h in Headers */,
				11B3E09E1ED41875007050B3 /* TT_Utils_Header.h in Headers */,
				11B3E0941ED41875007050B3 /* UIViewController+TTExt2Parameter.h in Headers */,
				11B3DF731ED41827007050B3 /* TQKit.h in Headers */,
				1155BF5F1EEE8940007B09BF /* YYCGUtilities.h in Headers */,
				11B3E05B1ED41875007050B3 /* TT_FoundationHeader.h in Headers */,
			);
			runOnlyForDeploymentPostprocessing = 0;
		};
/* End PBXHeadersBuildPhase section */

/* Begin PBXNativeTarget section */
		11B3DF6D1ED41827007050B3 /* TQKit */ = {
			isa = PBXNativeTarget;
			buildConfigurationList = 11B3DF761ED41827007050B3 /* Build configuration list for PBXNativeTarget "TQKit" */;
			buildPhases = (
				8F3B6F00B8796E5E45279C2F /* [CP] Check Pods Manifest.lock */,
				11B3DF691ED41827007050B3 /* Sources */,
				11B3DF6A1ED41827007050B3 /* Frameworks */,
				11B3DF6B1ED41827007050B3 /* Headers */,
				11B3DF6C1ED41827007050B3 /* Resources */,
				F3A5666BAEF87DA36A43CA4E /* [CP] Copy Pods Resources */,
			);
			buildRules = (
			);
			dependencies = (
			);
			name = TQKit;
			productName = TQKit;
			productReference = 11B3DF6E1ED41827007050B3 /* TQKit.framework */;
			productType = "com.apple.product-type.framework";
		};
/* End PBXNativeTarget section */

/* Begin PBXProject section */
		11B3DF651ED41827007050B3 /* Project object */ = {
			isa = PBXProject;
			attributes = {
				LastUpgradeCheck = 0830;
				ORGANIZATIONNAME = guojie;
				TargetAttributes = {
					11B3DF6D1ED41827007050B3 = {
						CreatedOnToolsVersion = 8.3;
						DevelopmentTeam = 923697LGGG;
						ProvisioningStyle = Automatic;
					};
				};
			};
			buildConfigurationList = 11B3DF681ED41827007050B3 /* Build configuration list for PBXProject "TQKit" */;
			compatibilityVersion = "Xcode 3.2";
			developmentRegion = English;
			hasScannedForEncodings = 0;
			knownRegions = (
				en,
			);
			mainGroup = 11B3DF641ED41827007050B3;
			productRefGroup = 11B3DF6F1ED41827007050B3 /* Products */;
			projectDirPath = "";
			projectRoot = "";
			targets = (
				11B3DF6D1ED41827007050B3 /* TQKit */,
			);
		};
/* End PBXProject section */

/* Begin PBXResourcesBuildPhase section */
		11B3DF6C1ED41827007050B3 /* Resources */ = {
			isa = PBXResourcesBuildPhase;
			buildActionMask = 2147483647;
			files = (
				11829F781F024F2C002F4F7E /* TTBanner_arrow@2x.png in Resources */,
				11829F771F024F2C002F4F7E /* Doc in Resources */,
			);
			runOnlyForDeploymentPostprocessing = 0;
		};
/* End PBXResourcesBuildPhase section */

/* Begin PBXShellScriptBuildPhase section */
		8F3B6F00B8796E5E45279C2F /* [CP] Check Pods Manifest.lock */ = {
			isa = PBXShellScriptBuildPhase;
			buildActionMask = 2147483647;
			files = (
			);
			inputPaths = (
			);
			name = "[CP] Check Pods Manifest.lock";
			outputPaths = (
			);
			runOnlyForDeploymentPostprocessing = 0;
			shellPath = /bin/sh;
			shellScript = "diff \"${PODS_ROOT}/../Podfile.lock\" \"${PODS_ROOT}/Manifest.lock\" > /dev/null\nif [ $? != 0 ] ; then\n    # print error to STDERR\n    echo \"error: The sandbox is not in sync with the Podfile.lock. Run 'pod install' or update your CocoaPods installation.\" >&2\n    exit 1\nfi\n";
			showEnvVarsInLog = 0;
		};
		F3A5666BAEF87DA36A43CA4E /* [CP] Copy Pods Resources */ = {
			isa = PBXShellScriptBuildPhase;
			buildActionMask = 2147483647;
			files = (
			);
			inputPaths = (
			);
			name = "[CP] Copy Pods Resources";
			outputPaths = (
			);
			runOnlyForDeploymentPostprocessing = 0;
			shellPath = /bin/sh;
			shellScript = "\"${SRCROOT}/Pods/Target Support Files/Pods-TQKit/Pods-TQKit-resources.sh\"\n";
			showEnvVarsInLog = 0;
		};
/* End PBXShellScriptBuildPhase section */

/* Begin PBXSourcesBuildPhase section */
		11B3DF691ED41827007050B3 /* Sources */ = {
			isa = PBXSourcesBuildPhase;
			buildActionMask = 2147483647;
			files = (
				11B3E0B11ED41875007050B3 /* UserInfoUtil.m in Sources */,
				11B3E07D1ED41875007050B3 /* UINavigationBar+TTExt2BGColor.m in Sources */,
				11B3E0651ED41875007050B3 /* UIBezierPath+TTExt.m in Sources */,
				11B3E0811ED41875007050B3 /* UIScrollView+TTExt.m in Sources */,
				117D111A1EF8B83100303F8D /* NSString+TTExt2Vertify.m in Sources */,
				11B3E0831ED41875007050B3 /* UITableView+TTExt.m in Sources */,
				11B3E0931ED41875007050B3 /* TTMediator.m in Sources */,
				11829F7A1F024F2C002F4F7E /* TTBannerCell.m in Sources */,
				117335AC1F0118FD003919D3 /* TTConstants.m in Sources */,
				11B3E06B1ED41875007050B3 /* UIButton+TTExt2ImagePosition.m in Sources */,
				11B3E0731ED41875007050B3 /* UIFont+TTExt.m in Sources */,
				11B3E0611ED41875007050B3 /* UIApplication+TTExt.m in Sources */,
				11B3E0A01ED41875007050B3 /* TTAlertUtil.m in Sources */,
				11B3E04C1ED41875007050B3 /* NSDictionary+TTExt.m in Sources */,
				1187DA711F372A7C00FFD506 /* UIView+TTExt2TouchArea.m in Sources */,
				11B3E0671ED41875007050B3 /* UIButton+TTExt.m in Sources */,
				11B3E0AF1ED41875007050B3 /* TTDataSource.m in Sources */,
				117335C91F01F574003919D3 /* TTHttpAction.m in Sources */,
				11B3E07B1ED41875007050B3 /* UIImageView+TTExt.m in Sources */,
				11B3E0521ED41875007050B3 /* NSObject+TTExt.m in Sources */,
				11B3E0851ED41875007050B3 /* UITextField+TTExt.m in Sources */,
				11B3E09D1ED41875007050B3 /* AppInfoUtil.m in Sources */,
				118A682D1EE7868600DFCC13 /* NSString+TTExt2Hash.m in Sources */,
				11B3E0691ED41875007050B3 /* UIButton+TTExt2CountDown.m in Sources */,
				11B3E08B1ED41875007050B3 /* TT_Reachability.m in Sources */,
				11B3E06F1ED41875007050B3 /* UIControl+TTExt.m in Sources */,
				11B3E07F1ED41875007050B3 /* UINavigationController+TTExt.m in Sources */,
				11B3E0791ED41875007050B3 /* UIImage+TTExt2Effect.m in Sources */,
				11B3E06D1ED41875007050B3 /* UIColor+TTExt.m in Sources */,
				11B3E0951ED41875007050B3 /* UIViewController+TTExt2Parameter.m in Sources */,
				11B3E0481ED41875007050B3 /* NSDate+TTExt.m in Sources */,
				11829F7E1F024F2C002F4F7E /* TTBannerView.m in Sources */,
				11818BE71F2ED9DD0067A062 /* UIButton+TTExt2Layer.m in Sources */,
				119369581F09E449003285E2 /* NSDate+TTExt2InternetDate.m in Sources */,
				11B3E05D1ED41875007050B3 /* CALayer+TTExt.m in Sources */,
				118A68271EE7838300DFCC13 /* NSData+TTExt.m in Sources */,
				11F57C391F4D338C0056E34F /* UILabel+TTExt.m in Sources */,
				117335C31F01F574003919D3 /* AFURLSessionManager+TTDownload.m in Sources */,
				11B3E0541ED41875007050B3 /* NSString+TTExt.m in Sources */,
				11B3E0751ED41875007050B3 /* UIGestureRecognizer+TTExt.m in Sources */,
				11B3E0871ED41875007050B3 /* UITextView+TTExt.m in Sources */,
				11B3E0711ED41875007050B3 /* UIDevice+TTExt.m in Sources */,
				11B3E0631ED41875007050B3 /* UIBarButtonItem+TTExt.m in Sources */,
				11829F7C1F024F2C002F4F7E /* TTBannerFooter.m in Sources */,
				11C0BEB41F050B38004FC175 /* TTQRCodeScan.m in Sources */,
				11B3E0561ED41875007050B3 /* NSString+TTExt2Frame.m in Sources */,
				11B3E04E1ED41875007050B3 /* NSDictionary+TTExt2UrlParam.m in Sources */,
				11B3E0AD1ED41875007050B3 /* TTQRCodeUtil.m in Sources */,
				117335C71F01F574003919D3 /* TTFileAction.m in Sources */,
				11B3E0501ED41875007050B3 /* NSNumber+TTExt.m in Sources */,
				11B3E0771ED41875007050B3 /* UIImage+TTExt.m in Sources */,
				11B3E04A1ED41875007050B3 /* NSDate+TTExt2Format.m in Sources */,
				11C0BEB61F050B38004FC175 /* TTScanBoxLine.m in Sources */,
				11B3E0891ED41875007050B3 /* UIView+TTExt.m in Sources */,
				117335C51F01F574003919D3 /* TTAPIClient.m in Sources */,
				115626D81F21E9B000D5A8E0 /* UIViewController+TTExt2Back.m in Sources */,
				11B3E0911ED41875007050B3 /* BaseService.m in Sources */,
				11B3E0581ED41875007050B3 /* NSTimer+TTExt.m in Sources */,
				1155BF601EEE8940007B09BF /* YYCGUtilities.m in Sources */,
				11B3E0AB1ED41875007050B3 /* TTProgressHUD.m in Sources */,
				11B3E05A1ED41875007050B3 /* NSUserDefaults+TTExt.m in Sources */,
			);
			runOnlyForDeploymentPostprocessing = 0;
		};
/* End PBXSourcesBuildPhase section */

/* Begin XCBuildConfiguration section */
		11B3DF741ED41827007050B3 /* Debug */ = {
			isa = XCBuildConfiguration;
			buildSettings = {
				ALWAYS_SEARCH_USER_PATHS = NO;
				CLANG_ANALYZER_NONNULL = YES;
				CLANG_ANALYZER_NUMBER_OBJECT_CONVERSION = YES_AGGRESSIVE;
				CLANG_CXX_LANGUAGE_STANDARD = "gnu++0x";
				CLANG_CXX_LIBRARY = "libc++";
				CLANG_ENABLE_MODULES = YES;
				CLANG_ENABLE_OBJC_ARC = YES;
				CLANG_WARN_BOOL_CONVERSION = YES;
				CLANG_WARN_CONSTANT_CONVERSION = YES;
				CLANG_WARN_DIRECT_OBJC_ISA_USAGE = YES_ERROR;
				CLANG_WARN_DOCUMENTATION_COMMENTS = YES;
				CLANG_WARN_EMPTY_BODY = YES;
				CLANG_WARN_ENUM_CONVERSION = YES;
				CLANG_WARN_INFINITE_RECURSION = YES;
				CLANG_WARN_INT_CONVERSION = YES;
				CLANG_WARN_OBJC_ROOT_CLASS = YES_ERROR;
				CLANG_WARN_SUSPICIOUS_MOVE = YES;
				CLANG_WARN_UNREACHABLE_CODE = YES;
				CLANG_WARN__DUPLICATE_METHOD_MATCH = YES;
				"CODE_SIGN_IDENTITY[sdk=iphoneos*]" = "iPhone Developer";
				COPY_PHASE_STRIP = NO;
				CURRENT_PROJECT_VERSION = 1;
				DEBUG_INFORMATION_FORMAT = dwarf;
				ENABLE_STRICT_OBJC_MSGSEND = YES;
				ENABLE_TESTABILITY = YES;
				GCC_C_LANGUAGE_STANDARD = gnu99;
				GCC_DYNAMIC_NO_PIC = NO;
				GCC_NO_COMMON_BLOCKS = YES;
				GCC_OPTIMIZATION_LEVEL = 0;
				GCC_PREPROCESSOR_DEFINITIONS = (
					"DEBUG=1",
					"$(inherited)",
				);
				GCC_WARN_64_TO_32_BIT_CONVERSION = YES;
				GCC_WARN_ABOUT_RETURN_TYPE = YES_ERROR;
				GCC_WARN_UNDECLARED_SELECTOR = YES;
				GCC_WARN_UNINITIALIZED_AUTOS = YES_AGGRESSIVE;
				GCC_WARN_UNUSED_FUNCTION = YES;
				GCC_WARN_UNUSED_VARIABLE = YES;
				IPHONEOS_DEPLOYMENT_TARGET = 10.3;
				MTL_ENABLE_DEBUG_INFO = YES;
				ONLY_ACTIVE_ARCH = YES;
				SDKROOT = iphoneos;
				TARGETED_DEVICE_FAMILY = "1,2";
				VERSIONING_SYSTEM = "apple-generic";
				VERSION_INFO_PREFIX = "";
			};
			name = Debug;
		};
		11B3DF751ED41827007050B3 /* Release */ = {
			isa = XCBuildConfiguration;
			buildSettings = {
				ALWAYS_SEARCH_USER_PATHS = NO;
				CLANG_ANALYZER_NONNULL = YES;
				CLANG_ANALYZER_NUMBER_OBJECT_CONVERSION = YES_AGGRESSIVE;
				CLANG_CXX_LANGUAGE_STANDARD = "gnu++0x";
				CLANG_CXX_LIBRARY = "libc++";
				CLANG_ENABLE_MODULES = YES;
				CLANG_ENABLE_OBJC_ARC = YES;
				CLANG_WARN_BOOL_CONVERSION = YES;
				CLANG_WARN_CONSTANT_CONVERSION = YES;
				CLANG_WARN_DIRECT_OBJC_ISA_USAGE = YES_ERROR;
				CLANG_WARN_DOCUMENTATION_COMMENTS = YES;
				CLANG_WARN_EMPTY_BODY = YES;
				CLANG_WARN_ENUM_CONVERSION = YES;
				CLANG_WARN_INFINITE_RECURSION = YES;
				CLANG_WARN_INT_CONVERSION = YES;
				CLANG_WARN_OBJC_ROOT_CLASS = YES_ERROR;
				CLANG_WARN_SUSPICIOUS_MOVE = YES;
				CLANG_WARN_UNREACHABLE_CODE = YES;
				CLANG_WARN__DUPLICATE_METHOD_MATCH = YES;
				"CODE_SIGN_IDENTITY[sdk=iphoneos*]" = "iPhone Developer";
				COPY_PHASE_STRIP = NO;
				CURRENT_PROJECT_VERSION = 1;
				DEBUG_INFORMATION_FORMAT = "dwarf-with-dsym";
				ENABLE_NS_ASSERTIONS = NO;
				ENABLE_STRICT_OBJC_MSGSEND = YES;
				GCC_C_LANGUAGE_STANDARD = gnu99;
				GCC_NO_COMMON_BLOCKS = YES;
				GCC_WARN_64_TO_32_BIT_CONVERSION = YES;
				GCC_WARN_ABOUT_RETURN_TYPE = YES_ERROR;
				GCC_WARN_UNDECLARED_SELECTOR = YES;
				GCC_WARN_UNINITIALIZED_AUTOS = YES_AGGRESSIVE;
				GCC_WARN_UNUSED_FUNCTION = YES;
				GCC_WARN_UNUSED_VARIABLE = YES;
				IPHONEOS_DEPLOYMENT_TARGET = 10.3;
				MTL_ENABLE_DEBUG_INFO = NO;
				SDKROOT = iphoneos;
				TARGETED_DEVICE_FAMILY = "1,2";
				VALIDATE_PRODUCT = YES;
				VERSIONING_SYSTEM = "apple-generic";
				VERSION_INFO_PREFIX = "";
			};
			name = Release;
		};
		11B3DF771ED41827007050B3 /* Debug */ = {
			isa = XCBuildConfiguration;
			baseConfigurationReference = EBB453E85DC588FEC04266AB /* Pods-TQKit.debug.xcconfig */;
			buildSettings = {
				CODE_SIGN_IDENTITY = "";
				DEFINES_MODULE = YES;
				DEVELOPMENT_TEAM = 923697LGGG;
				DYLIB_COMPATIBILITY_VERSION = 1;
				DYLIB_CURRENT_VERSION = 1;
				DYLIB_INSTALL_NAME_BASE = "@rpath";
				INFOPLIST_FILE = TQKit/Info.plist;
				INSTALL_PATH = "$(LOCAL_LIBRARY_DIR)/Frameworks";
				LD_RUNPATH_SEARCH_PATHS = "$(inherited) @executable_path/Frameworks @loader_path/Frameworks";
				PRODUCT_BUNDLE_IDENTIFIER = com.tq.TQKit;
				PRODUCT_NAME = "$(TARGET_NAME)";
				SKIP_INSTALL = YES;
			};
			name = Debug;
		};
		11B3DF781ED41827007050B3 /* Release */ = {
			isa = XCBuildConfiguration;
			baseConfigurationReference = 323FE7B1215FD70A8097A948 /* Pods-TQKit.release.xcconfig */;
			buildSettings = {
				CODE_SIGN_IDENTITY = "";
				DEFINES_MODULE = YES;
				DEVELOPMENT_TEAM = 923697LGGG;
				DYLIB_COMPATIBILITY_VERSION = 1;
				DYLIB_CURRENT_VERSION = 1;
				DYLIB_INSTALL_NAME_BASE = "@rpath";
				INFOPLIST_FILE = TQKit/Info.plist;
				INSTALL_PATH = "$(LOCAL_LIBRARY_DIR)/Frameworks";
				LD_RUNPATH_SEARCH_PATHS = "$(inherited) @executable_path/Frameworks @loader_path/Frameworks";
				PRODUCT_BUNDLE_IDENTIFIER = com.tq.TQKit;
				PRODUCT_NAME = "$(TARGET_NAME)";
				SKIP_INSTALL = YES;
			};
			name = Release;
		};
/* End XCBuildConfiguration section */

/* Begin XCConfigurationList section */
		11B3DF681ED41827007050B3 /* Build configuration list for PBXProject "TQKit" */ = {
			isa = XCConfigurationList;
			buildConfigurations = (
				11B3DF741ED41827007050B3 /* Debug */,
				11B3DF751ED41827007050B3 /* Release */,
			);
			defaultConfigurationIsVisible = 0;
			defaultConfigurationName = Release;
		};
		11B3DF761ED41827007050B3 /* Build configuration list for PBXNativeTarget "TQKit" */ = {
			isa = XCConfigurationList;
			buildConfigurations = (
				11B3DF771ED41827007050B3 /* Debug */,
				11B3DF781ED41827007050B3 /* Release */,
			);
			defaultConfigurationIsVisible = 0;
			defaultConfigurationName = Release;
		};
/* End XCConfigurationList section */
	};
	rootObject = 11B3DF651ED41827007050B3 /* Project object */;
}
